PODS:
  - Charts (4.1.0):
    - Charts/Core (= 4.1.0)
  - Charts/Core (4.1.0):
    - SwiftAlgorithms (~> 1.0)
  - LightweightCharts (3.8.0)
  - SwiftAlgorithms (1.0.0)
  - TinyConstraints (4.0.2)
  - XingAPIMobile (0.0.1)

DEPENDENCIES:
  - Charts
  - LightweightCharts (~> 3.8.0)
  - TinyConstraints
  - XingAPIMobile (from `/Users/sy/Documents/XingAPIMobile.framework/XingAPIMobile.podspec`)

SPEC REPOS:
  trunk:
    - Charts
    - LightweightCharts
    - SwiftAlgorithms
    - TinyConstraints

EXTERNAL SOURCES:
  XingAPIMobile:
    :path: "/Users/sy/Documents/XingAPIMobile.framework/XingAPIMobile.podspec"

SPEC CHECKSUMS:
  Charts: 354f86803d11d9c35de280587fef50d1af063978
  LightweightCharts: bf203521ec7fce9fab873ff4cefb4d80950d7641
  SwiftAlgorithms: 38dda4731d19027fdeee1125f973111bf3386b53
  TinyConstraints: 7b7ccc0c485bb3bb47082138ff28bc33cd49897f
  XingAPIMobile: 3c98b50b261cb73eb9c3fd06758bd12167215ac8

PODFILE CHECKSUM: 65be42e9e73bf0d6fb062510fc95ec170ba0e384

COCOAPODS: 1.11.3
