// !$*UTF8*$!
{
	archiveVersion = 1;
	classes = {
	};
	objectVersion = 55;
	objects = {

/* Begin PBXBuildFile section */
		11080AA92982A97B00B73F5F /* AppDelegate.swift in Sources */ = {isa = PBXBuildFile; fileRef = 11080AA82982A97B00B73F5F /* AppDelegate.swift */; };
		11080AAB2982A97B00B73F5F /* SceneDelegate.swift in Sources */ = {isa = PBXBuildFile; fileRef = 11080AAA2982A97B00B73F5F /* SceneDelegate.swift */; };
		11080AAD2982A97B00B73F5F /* InitialViewController.swift in Sources */ = {isa = PBXBuildFile; fileRef = 11080AAC2982A97B00B73F5F /* InitialViewController.swift */; };
		11080AB22982A97C00B73F5F /* Assets.xcassets in Resources */ = {isa = PBXBuildFile; fileRef = 11080AB12982A97C00B73F5F /* Assets.xcassets */; };
		11080AB52982A97C00B73F5F /* LaunchScreen.storyboard in Resources */ = {isa = PBXBuildFile; fileRef = 11080AB32982A97C00B73F5F /* LaunchScreen.storyboard */; };
		11080AC02982B6C200B73F5F /* LoginView.swift in Sources */ = {isa = PBXBuildFile; fileRef = 11080ABF2982B6C200B73F5F /* LoginView.swift */; };
		112E4B2429B5F073009A3F8F /* ChartView.swift in Sources */ = {isa = PBXBuildFile; fileRef = 112E4B2329B5F073009A3F8F /* ChartView.swift */; };
		114DD3732982C1B0001E3E24 /* GuideCollectionViewCell.swift in Sources */ = {isa = PBXBuildFile; fileRef = 114DD3722982C1B0001E3E24 /* GuideCollectionViewCell.swift */; };
		114DD3752982CA81001E3E24 /* LoginViewController.swift in Sources */ = {isa = PBXBuildFile; fileRef = 114DD3742982CA81001E3E24 /* LoginViewController.swift */; };
		115D1E1A29B9A89100E98541 /* MainHomeTabControllerCollectionViewController.swift in Sources */ = {isa = PBXBuildFile; fileRef = 115D1E1929B9A89100E98541 /* MainHomeTabControllerCollectionViewController.swift */; };
		115D1E1C29B9BAB300E98541 /* OverViewChartView.swift in Sources */ = {isa = PBXBuildFile; fileRef = 115D1E1B29B9BAB300E98541 /* OverViewChartView.swift */; };
		115D1E1E29BDEDA200E98541 /* mainTabSegmentedControl.swift in Sources */ = {isa = PBXBuildFile; fileRef = 115D1E1D29BDEDA200E98541 /* mainTabSegmentedControl.swift */; };
		1161804029B8667400EA1E0D /* Stock.swift in Sources */ = {isa = PBXBuildFile; fileRef = 1161803F29B8667400EA1E0D /* Stock.swift */; };
		1161804329B86E2400EA1E0D /* StcokListCellCollectionViewCell.swift in Sources */ = {isa = PBXBuildFile; fileRef = 1161804229B86E2400EA1E0D /* StcokListCellCollectionViewCell.swift */; };
		11E7F95D29A5CA4C00C29B83 /* GuideConstant.swift in Sources */ = {isa = PBXBuildFile; fileRef = 11E7F95C29A5CA4C00C29B83 /* GuideConstant.swift */; };
		11E7F96029A8D23D00C29B83 /* SignUpGuideView.swift in Sources */ = {isa = PBXBuildFile; fileRef = 11E7F95F29A8D23D00C29B83 /* SignUpGuideView.swift */; };
		11E7F96229A8D6F700C29B83 /* CustomTextField.swift in Sources */ = {isa = PBXBuildFile; fileRef = 11E7F96129A8D6F700C29B83 /* CustomTextField.swift */; };
		11E7F96529B3547500C29B83 /* MainTabBarControllerViewController.swift in Sources */ = {isa = PBXBuildFile; fileRef = 11E7F96429B3547500C29B83 /* MainTabBarControllerViewController.swift */; };
		11E7F96829B3578600C29B83 /* ChartViewController.swift in Sources */ = {isa = PBXBuildFile; fileRef = 11E7F96729B3578600C29B83 /* ChartViewController.swift */; };
		11E7F96B29B4AD7C00C29B83 /* SignUpGuideViewController.swift in Sources */ = {isa = PBXBuildFile; fileRef = 11E7F96A29B4AD7C00C29B83 /* SignUpGuideViewController.swift */; };
		11E7F96E29B4C41E00C29B83 /* SignUpIsUserViewController.swift in Sources */ = {isa = PBXBuildFile; fileRef = 11E7F96D29B4C41E00C29B83 /* SignUpIsUserViewController.swift */; };
		11E7F97029B4C43E00C29B83 /* SignUpIsUserView.swift in Sources */ = {isa = PBXBuildFile; fileRef = 11E7F96F29B4C43E00C29B83 /* SignUpIsUserView.swift */; };
		11E7F97229B4C57E00C29B83 /* SignUpTOSViewController.swift in Sources */ = {isa = PBXBuildFile; fileRef = 11E7F97129B4C57E00C29B83 /* SignUpTOSViewController.swift */; };
		11E7F97429B4C59200C29B83 /* SignUpTOSView.swift in Sources */ = {isa = PBXBuildFile; fileRef = 11E7F97329B4C59200C29B83 /* SignUpTOSView.swift */; };
		1D9E30886A423EBA969A5FE5 /* Pods_autoTradingApp.framework in Frameworks */ = {isa = PBXBuildFile; fileRef = B7901112901443DCC6CC75CC /* Pods_autoTradingApp.framework */; };
/* End PBXBuildFile section */

/* Begin PBXFileReference section */
		11080AA52982A97B00B73F5F /* autoTradingApp.app */ = {isa = PBXFileReference; explicitFileType = wrapper.application; includeInIndex = 0; path = autoTradingApp.app; sourceTree = BUILT_PRODUCTS_DIR; };
		11080AA82982A97B00B73F5F /* AppDelegate.swift */ = {isa = PBXFileReference; lastKnownFileType = sourcecode.swift; path = AppDelegate.swift; sourceTree = "<group>"; };
		11080AAA2982A97B00B73F5F /* SceneDelegate.swift */ = {isa = PBXFileReference; lastKnownFileType = sourcecode.swift; path = SceneDelegate.swift; sourceTree = "<group>"; };
		11080AAC2982A97B00B73F5F /* InitialViewController.swift */ = {isa = PBXFileReference; lastKnownFileType = sourcecode.swift; path = InitialViewController.swift; sourceTree = "<group>"; };
		11080AB12982A97C00B73F5F /* Assets.xcassets */ = {isa = PBXFileReference; lastKnownFileType = folder.assetcatalog; path = Assets.xcassets; sourceTree = "<group>"; };
		11080AB42982A97C00B73F5F /* Base */ = {isa = PBXFileReference; lastKnownFileType = file.storyboard; name = Base; path = Base.lproj/LaunchScreen.storyboard; sourceTree = "<group>"; };
		11080AB62982A97C00B73F5F /* Info.plist */ = {isa = PBXFileReference; lastKnownFileType = text.plist.xml; path = Info.plist; sourceTree = "<group>"; };
		11080ABF2982B6C200B73F5F /* LoginView.swift */ = {isa = PBXFileReference; lastKnownFileType = sourcecode.swift; path = LoginView.swift; sourceTree = "<group>"; };
		112E4B2329B5F073009A3F8F /* ChartView.swift */ = {isa = PBXFileReference; lastKnownFileType = sourcecode.swift; name = ChartView.swift; path = autoTradingApp/View/MenuTab/ChartView.swift; sourceTree = SOURCE_ROOT; };
		114DD3722982C1B0001E3E24 /* GuideCollectionViewCell.swift */ = {isa = PBXFileReference; lastKnownFileType = sourcecode.swift; path = GuideCollectionViewCell.swift; sourceTree = "<group>"; };
		114DD3742982CA81001E3E24 /* LoginViewController.swift */ = {isa = PBXFileReference; lastKnownFileType = sourcecode.swift; path = LoginViewController.swift; sourceTree = "<group>"; };
		115D1E1929B9A89100E98541 /* MainHomeTabControllerCollectionViewController.swift */ = {isa = PBXFileReference; lastKnownFileType = sourcecode.swift; path = MainHomeTabControllerCollectionViewController.swift; sourceTree = "<group>"; };
		115D1E1B29B9BAB300E98541 /* OverViewChartView.swift */ = {isa = PBXFileReference; lastKnownFileType = sourcecode.swift; path = OverViewChartView.swift; sourceTree = "<group>"; };
		115D1E1D29BDEDA200E98541 /* mainTabSegmentedControl.swift */ = {isa = PBXFileReference; lastKnownFileType = sourcecode.swift; path = mainTabSegmentedControl.swift; sourceTree = "<group>"; };
		1161803F29B8667400EA1E0D /* Stock.swift */ = {isa = PBXFileReference; lastKnownFileType = sourcecode.swift; name = Stock.swift; path = autoTradingApp/Model/Stock.swift; sourceTree = SOURCE_ROOT; };
		1161804229B86E2400EA1E0D /* StcokListCellCollectionViewCell.swift */ = {isa = PBXFileReference; lastKnownFileType = sourcecode.swift; path = StcokListCellCollectionViewCell.swift; sourceTree = "<group>"; };
		11E7F95C29A5CA4C00C29B83 /* GuideConstant.swift */ = {isa = PBXFileReference; lastKnownFileType = sourcecode.swift; path = GuideConstant.swift; sourceTree = "<group>"; };
		11E7F95F29A8D23D00C29B83 /* SignUpGuideView.swift */ = {isa = PBXFileReference; lastKnownFileType = sourcecode.swift; path = SignUpGuideView.swift; sourceTree = "<group>"; };
		11E7F96129A8D6F700C29B83 /* CustomTextField.swift */ = {isa = PBXFileReference; lastKnownFileType = sourcecode.swift; path = CustomTextField.swift; sourceTree = "<group>"; };
		11E7F96429B3547500C29B83 /* MainTabBarControllerViewController.swift */ = {isa = PBXFileReference; lastKnownFileType = sourcecode.swift; path = MainTabBarControllerViewController.swift; sourceTree = "<group>"; };
		11E7F96729B3578600C29B83 /* ChartViewController.swift */ = {isa = PBXFileReference; lastKnownFileType = sourcecode.swift; path = ChartViewController.swift; sourceTree = "<group>"; };
		11E7F96A29B4AD7C00C29B83 /* SignUpGuideViewController.swift */ = {isa = PBXFileReference; lastKnownFileType = sourcecode.swift; path = SignUpGuideViewController.swift; sourceTree = "<group>"; };
		11E7F96D29B4C41E00C29B83 /* SignUpIsUserViewController.swift */ = {isa = PBXFileReference; lastKnownFileType = sourcecode.swift; path = SignUpIsUserViewController.swift; sourceTree = "<group>"; };
		11E7F96F29B4C43E00C29B83 /* SignUpIsUserView.swift */ = {isa = PBXFileReference; lastKnownFileType = sourcecode.swift; path = SignUpIsUserView.swift; sourceTree = "<group>"; };
		11E7F97129B4C57E00C29B83 /* SignUpTOSViewController.swift */ = {isa = PBXFileReference; lastKnownFileType = sourcecode.swift; path = SignUpTOSViewController.swift; sourceTree = "<group>"; };
		11E7F97329B4C59200C29B83 /* SignUpTOSView.swift */ = {isa = PBXFileReference; lastKnownFileType = sourcecode.swift; path = SignUpTOSView.swift; sourceTree = "<group>"; };
		24BD4243A59874B9C2CFACC2 /* Pods-autoTradingApp.debug.xcconfig */ = {isa = PBXFileReference; includeInIndex = 1; lastKnownFileType = text.xcconfig; name = "Pods-autoTradingApp.debug.xcconfig"; path = "Target Support Files/Pods-autoTradingApp/Pods-autoTradingApp.debug.xcconfig"; sourceTree = "<group>"; };
		346451DBFB1F370215C74E0C /* Pods-autoTradingApp.release.xcconfig */ = {isa = PBXFileReference; includeInIndex = 1; lastKnownFileType = text.xcconfig; name = "Pods-autoTradingApp.release.xcconfig"; path = "Target Support Files/Pods-autoTradingApp/Pods-autoTradingApp.release.xcconfig"; sourceTree = "<group>"; };
		B7901112901443DCC6CC75CC /* Pods_autoTradingApp.framework */ = {isa = PBXFileReference; explicitFileType = wrapper.framework; includeInIndex = 0; path = Pods_autoTradingApp.framework; sourceTree = BUILT_PRODUCTS_DIR; };
/* End PBXFileReference section */

/* Begin PBXFrameworksBuildPhase section */
		11080AA22982A97B00B73F5F /* Frameworks */ = {
			isa = PBXFrameworksBuildPhase;
			buildActionMask = 2147483647;
			files = (
				1D9E30886A423EBA969A5FE5 /* Pods_autoTradingApp.framework in Frameworks */,
			);
			runOnlyForDeploymentPostprocessing = 0;
		};
/* End PBXFrameworksBuildPhase section */

/* Begin PBXGroup section */
		11080A9C2982A97B00B73F5F = {
			isa = PBXGroup;
			children = (
				11080AA72982A97B00B73F5F /* autoTradingApp */,
				11080AA62982A97B00B73F5F /* Products */,
				BC3ACC3A6B2F655290CA7349 /* Pods */,
				FE9BE1217B0A17E89E396804 /* Frameworks */,
			);
			sourceTree = "<group>";
		};
		11080AA62982A97B00B73F5F /* Products */ = {
			isa = PBXGroup;
			children = (
				11080AA52982A97B00B73F5F /* autoTradingApp.app */,
			);
			name = Products;
			sourceTree = "<group>";
		};
		11080AA72982A97B00B73F5F /* autoTradingApp */ = {
			isa = PBXGroup;
			children = (
				11080AB62982A97C00B73F5F /* Info.plist */,
				11080AB32982A97C00B73F5F /* LaunchScreen.storyboard */,
				11080AB12982A97C00B73F5F /* Assets.xcassets */,
				11080AA82982A97B00B73F5F /* AppDelegate.swift */,
				11080AAA2982A97B00B73F5F /* SceneDelegate.swift */,
				1161804429B86E6B00EA1E0D /* Model */,
				11080ABD2982AC5000B73F5F /* View */,
				11080ABC2982AC3C00B73F5F /* Controller */,
				11E7F958298E95F800C29B83 /* Utility */,
			);
			path = autoTradingApp;
			sourceTree = "<group>";
		};
		11080ABC2982AC3C00B73F5F /* Controller */ = {
			isa = PBXGroup;
			children = (
				11E7F956298E8B5D00C29B83 /* Initial */,
				11E7F957298E8B6D00C29B83 /* Login */,
				11E7F96C29B4B75400C29B83 /* SignUp */,
				11E7F96329B3544E00C29B83 /* MainTabBarController */,
			);
			path = Controller;
			sourceTree = "<group>";
		};
		11080ABD2982AC5000B73F5F /* View */ = {
			isa = PBXGroup;
			children = (
				11E7F955298E8B4900C29B83 /* Initial */,
				11E7F953298E877300C29B83 /* Login */,
				11E7F95E29A8D20A00C29B83 /* SignUp */,
				112E4B2529B5F365009A3F8F /* MenuTab */,
			);
			path = View;
			sourceTree = "<group>";
		};
		112E4B2529B5F365009A3F8F /* MenuTab */ = {
			isa = PBXGroup;
			children = (
				1161804129B8680000EA1E0D /* MainTabView */,
				112E4B2329B5F073009A3F8F /* ChartView.swift */,
			);
			path = MenuTab;
			sourceTree = "<group>";
		};
		1161804129B8680000EA1E0D /* MainTabView */ = {
			isa = PBXGroup;
			children = (
				1161804229B86E2400EA1E0D /* StcokListCellCollectionViewCell.swift */,
				115D1E1B29B9BAB300E98541 /* OverViewChartView.swift */,
				115D1E1D29BDEDA200E98541 /* mainTabSegmentedControl.swift */,
			);
			path = MainTabView;
			sourceTree = "<group>";
		};
		1161804429B86E6B00EA1E0D /* Model */ = {
			isa = PBXGroup;
			children = (
				1161803F29B8667400EA1E0D /* Stock.swift */,
			);
			path = Model;
			sourceTree = "<group>";
		};
		11E7F953298E877300C29B83 /* Login */ = {
			isa = PBXGroup;
			children = (
				11080ABF2982B6C200B73F5F /* LoginView.swift */,
				11E7F96129A8D6F700C29B83 /* CustomTextField.swift */,
			);
			path = Login;
			sourceTree = "<group>";
		};
		11E7F955298E8B4900C29B83 /* Initial */ = {
			isa = PBXGroup;
			children = (
				114DD3722982C1B0001E3E24 /* GuideCollectionViewCell.swift */,
			);
			path = Initial;
			sourceTree = "<group>";
		};
		11E7F956298E8B5D00C29B83 /* Initial */ = {
			isa = PBXGroup;
			children = (
				11080AAC2982A97B00B73F5F /* InitialViewController.swift */,
			);
			path = Initial;
			sourceTree = "<group>";
		};
		11E7F957298E8B6D00C29B83 /* Login */ = {
			isa = PBXGroup;
			children = (
				114DD3742982CA81001E3E24 /* LoginViewController.swift */,
			);
			path = Login;
			sourceTree = "<group>";
		};
		11E7F958298E95F800C29B83 /* Utility */ = {
			isa = PBXGroup;
			children = (
				11E7F95C29A5CA4C00C29B83 /* GuideConstant.swift */,
			);
			path = Utility;
			sourceTree = "<group>";
		};
		11E7F95E29A8D20A00C29B83 /* SignUp */ = {
			isa = PBXGroup;
			children = (
				11E7F95F29A8D23D00C29B83 /* SignUpGuideView.swift */,
				11E7F96F29B4C43E00C29B83 /* SignUpIsUserView.swift */,
				11E7F97329B4C59200C29B83 /* SignUpTOSView.swift */,
			);
			path = SignUp;
			sourceTree = "<group>";
		};
		11E7F96329B3544E00C29B83 /* MainTabBarController */ = {
			isa = PBXGroup;
			children = (
				11E7F96729B3578600C29B83 /* ChartViewController.swift */,
				11E7F96629B3576A00C29B83 /* TabBarItem */,
				11E7F96429B3547500C29B83 /* MainTabBarControllerViewController.swift */,
			);
			path = MainTabBarController;
			sourceTree = "<group>";
		};
		11E7F96629B3576A00C29B83 /* TabBarItem */ = {
			isa = PBXGroup;
			children = (
				115D1E1929B9A89100E98541 /* MainHomeTabControllerCollectionViewController.swift */,
			);
			path = TabBarItem;
			sourceTree = "<group>";
		};
		11E7F96C29B4B75400C29B83 /* SignUp */ = {
			isa = PBXGroup;
			children = (
				11E7F96A29B4AD7C00C29B83 /* SignUpGuideViewController.swift */,
				11E7F96D29B4C41E00C29B83 /* SignUpIsUserViewController.swift */,
				11E7F97129B4C57E00C29B83 /* SignUpTOSViewController.swift */,
			);
			path = SignUp;
			sourceTree = "<group>";
		};
		BC3ACC3A6B2F655290CA7349 /* Pods */ = {
			isa = PBXGroup;
			children = (
				24BD4243A59874B9C2CFACC2 /* Pods-autoTradingApp.debug.xcconfig */,
				346451DBFB1F370215C74E0C /* Pods-autoTradingApp.release.xcconfig */,
			);
			path = Pods;
			sourceTree = "<group>";
		};
		FE9BE1217B0A17E89E396804 /* Frameworks */ = {
			isa = PBXGroup;
			children = (
				B7901112901443DCC6CC75CC /* Pods_autoTradingApp.framework */,
			);
			name = Frameworks;
			sourceTree = "<group>";
		};
/* End PBXGroup section */

/* Begin PBXNativeTarget section */
		11080AA42982A97B00B73F5F /* autoTradingApp */ = {
			isa = PBXNativeTarget;
			buildConfigurationList = 11080AB92982A97C00B73F5F /* Build configuration list for PBXNativeTarget "autoTradingApp" */;
			buildPhases = (
				A572599490AF8A1EC4029ED7 /* [CP] Check Pods Manifest.lock */,
				11080AA12982A97B00B73F5F /* Sources */,
				11080AA22982A97B00B73F5F /* Frameworks */,
				11080AA32982A97B00B73F5F /* Resources */,
				5C5F80D40BA1F7D35613F80B /* [CP] Embed Pods Frameworks */,
			);
			buildRules = (
			);
			dependencies = (
			);
			name = autoTradingApp;
			productName = autoTradingApp;
			productReference = 11080AA52982A97B00B73F5F /* autoTradingApp.app */;
			productType = "com.apple.product-type.application";
		};
/* End PBXNativeTarget section */

/* Begin PBXProject section */
		11080A9D2982A97B00B73F5F /* Project object */ = {
			isa = PBXProject;
			attributes = {
				BuildIndependentTargetsInParallel = 1;
				LastSwiftUpdateCheck = 1320;
				LastUpgradeCheck = 1320;
				TargetAttributes = {
					11080AA42982A97B00B73F5F = {
						CreatedOnToolsVersion = 13.2;
					};
				};
			};
			buildConfigurationList = 11080AA02982A97B00B73F5F /* Build configuration list for PBXProject "autoTradingApp" */;
			compatibilityVersion = "Xcode 13.0";
			developmentRegion = en;
			hasScannedForEncodings = 0;
			knownRegions = (
				en,
				Base,
			);
			mainGroup = 11080A9C2982A97B00B73F5F;
			productRefGroup = 11080AA62982A97B00B73F5F /* Products */;
			projectDirPath = "";
			projectRoot = "";
			targets = (
				11080AA42982A97B00B73F5F /* autoTradingApp */,
			);
		};
/* End PBXProject section */

/* Begin PBXResourcesBuildPhase section */
		11080AA32982A97B00B73F5F /* Resources */ = {
			isa = PBXResourcesBuildPhase;
			buildActionMask = 2147483647;
			files = (
				11080AB52982A97C00B73F5F /* LaunchScreen.storyboard in Resources */,
				11080AB22982A97C00B73F5F /* Assets.xcassets in Resources */,
			);
			runOnlyForDeploymentPostprocessing = 0;
		};
/* End PBXResourcesBuildPhase section */

/* Begin PBXShellScriptBuildPhase section */
		5C5F80D40BA1F7D35613F80B /* [CP] Embed Pods Frameworks */ = {
			isa = PBXShellScriptBuildPhase;
			buildActionMask = 2147483647;
			files = (
			);
			inputFileListPaths = (
				"${PODS_ROOT}/Target Support Files/Pods-autoTradingApp/Pods-autoTradingApp-frameworks-${CONFIGURATION}-input-files.xcfilelist",
			);
			name = "[CP] Embed Pods Frameworks";
			outputFileListPaths = (
				"${PODS_ROOT}/Target Support Files/Pods-autoTradingApp/Pods-autoTradingApp-frameworks-${CONFIGURATION}-output-files.xcfilelist",
			);
			runOnlyForDeploymentPostprocessing = 0;
			shellPath = /bin/sh;
			shellScript = "\"${PODS_ROOT}/Target Support Files/Pods-autoTradingApp/Pods-autoTradingApp-frameworks.sh\"\n";
			showEnvVarsInLog = 0;
		};
		A572599490AF8A1EC4029ED7 /* [CP] Check Pods Manifest.lock */ = {
			isa = PBXShellScriptBuildPhase;
			buildActionMask = 2147483647;
			files = (
			);
			inputFileListPaths = (
			);
			inputPaths = (
				"${PODS_PODFILE_DIR_PATH}/Podfile.lock",
				"${PODS_ROOT}/Manifest.lock",
			);
			name = "[CP] Check Pods Manifest.lock";
			outputFileListPaths = (
			);
			outputPaths = (
				"$(DERIVED_FILE_DIR)/Pods-autoTradingApp-checkManifestLockResult.txt",
			);
			runOnlyForDeploymentPostprocessing = 0;
			shellPath = /bin/sh;
			shellScript = "diff \"${PODS_PODFILE_DIR_PATH}/Podfile.lock\" \"${PODS_ROOT}/Manifest.lock\" > /dev/null\nif [ $? != 0 ] ; then\n    # print error to STDERR\n    echo \"error: The sandbox is not in sync with the Podfile.lock. Run 'pod install' or update your CocoaPods installation.\" >&2\n    exit 1\nfi\n# This output is used by Xcode 'outputs' to avoid re-running this script phase.\necho \"SUCCESS\" > \"${SCRIPT_OUTPUT_FILE_0}\"\n";
			showEnvVarsInLog = 0;
		};
/* End PBXShellScriptBuildPhase section */

/* Begin PBXSourcesBuildPhase section */
		11080AA12982A97B00B73F5F /* Sources */ = {
			isa = PBXSourcesBuildPhase;
			buildActionMask = 2147483647;
			files = (
				11E7F95D29A5CA4C00C29B83 /* GuideConstant.swift in Sources */,
				114DD3752982CA81001E3E24 /* LoginViewController.swift in Sources */,
				1161804329B86E2400EA1E0D /* StcokListCellCollectionViewCell.swift in Sources */,
				11080AAD2982A97B00B73F5F /* InitialViewController.swift in Sources */,
				114DD3732982C1B0001E3E24 /* GuideCollectionViewCell.swift in Sources */,
				11080AA92982A97B00B73F5F /* AppDelegate.swift in Sources */,
				115D1E1A29B9A89100E98541 /* MainHomeTabControllerCollectionViewController.swift in Sources */,
				11E7F97429B4C59200C29B83 /* SignUpTOSView.swift in Sources */,
				11E7F97029B4C43E00C29B83 /* SignUpIsUserView.swift in Sources */,
				115D1E1E29BDEDA200E98541 /* mainTabSegmentedControl.swift in Sources */,
				11E7F96E29B4C41E00C29B83 /* SignUpIsUserViewController.swift in Sources */,
				1161804029B8667400EA1E0D /* Stock.swift in Sources */,
				11E7F96029A8D23D00C29B83 /* SignUpGuideView.swift in Sources */,
				11E7F96B29B4AD7C00C29B83 /* SignUpGuideViewController.swift in Sources */,
				112E4B2429B5F073009A3F8F /* ChartView.swift in Sources */,
				11080AC02982B6C200B73F5F /* LoginView.swift in Sources */,
				11080AAB2982A97B00B73F5F /* SceneDelegate.swift in Sources */,
				115D1E1C29B9BAB300E98541 /* OverViewChartView.swift in Sources */,
				11E7F96229A8D6F700C29B83 /* CustomTextField.swift in Sources */,
				11E7F97229B4C57E00C29B83 /* SignUpTOSViewController.swift in Sources */,
				11E7F96529B3547500C29B83 /* MainTabBarControllerViewController.swift in Sources */,
				11E7F96829B3578600C29B83 /* ChartViewController.swift in Sources */,
			);
			runOnlyForDeploymentPostprocessing = 0;
		};
/* End PBXSourcesBuildPhase section */

/* Begin PBXVariantGroup section */
		11080AB32982A97C00B73F5F /* LaunchScreen.storyboard */ = {
			isa = PBXVariantGroup;
			children = (
				11080AB42982A97C00B73F5F /* Base */,
			);
			name = LaunchScreen.storyboard;
			sourceTree = "<group>";
		};
/* End PBXVariantGroup section */

/* Begin XCBuildConfiguration section */
		11080AB72982A97C00B73F5F /* Debug */ = {
			isa = XCBuildConfiguration;
			buildSettings = {
				ALWAYS_SEARCH_USER_PATHS = NO;
				CLANG_ANALYZER_NONNULL = YES;
				CLANG_ANALYZER_NUMBER_OBJECT_CONVERSION = YES_AGGRESSIVE;
				CLANG_CXX_LANGUAGE_STANDARD = "gnu++17";
				CLANG_CXX_LIBRARY = "libc++";
				CLANG_ENABLE_MODULES = YES;
				CLANG_ENABLE_OBJC_ARC = YES;
				CLANG_ENABLE_OBJC_WEAK = YES;
				CLANG_WARN_BLOCK_CAPTURE_AUTORELEASING = YES;
				CLANG_WARN_BOOL_CONVERSION = YES;
				CLANG_WARN_COMMA = YES;
				CLANG_WARN_CONSTANT_CONVERSION = YES;
				CLANG_WARN_DEPRECATED_OBJC_IMPLEMENTATIONS = YES;
				CLANG_WARN_DIRECT_OBJC_ISA_USAGE = YES_ERROR;
				CLANG_WARN_DOCUMENTATION_COMMENTS = YES;
				CLANG_WARN_EMPTY_BODY = YES;
				CLANG_WARN_ENUM_CONVERSION = YES;
				CLANG_WARN_INFINITE_RECURSION = YES;
				CLANG_WARN_INT_CONVERSION = YES;
				CLANG_WARN_NON_LITERAL_NULL_CONVERSION = YES;
				CLANG_WARN_OBJC_IMPLICIT_RETAIN_SELF = YES;
				CLANG_WARN_OBJC_LITERAL_CONVERSION = YES;
				CLANG_WARN_OBJC_ROOT_CLASS = YES_ERROR;
				CLANG_WARN_QUOTED_INCLUDE_IN_FRAMEWORK_HEADER = YES;
				CLANG_WARN_RANGE_LOOP_ANALYSIS = YES;
				CLANG_WARN_STRICT_PROTOTYPES = YES;
				CLANG_WARN_SUSPICIOUS_MOVE = YES;
				CLANG_WARN_UNGUARDED_AVAILABILITY = YES_AGGRESSIVE;
				CLANG_WARN_UNREACHABLE_CODE = YES;
				CLANG_WARN__DUPLICATE_METHOD_MATCH = YES;
				COPY_PHASE_STRIP = NO;
				DEBUG_INFORMATION_FORMAT = dwarf;
				ENABLE_STRICT_OBJC_MSGSEND = YES;
				ENABLE_TESTABILITY = YES;
				GCC_C_LANGUAGE_STANDARD = gnu11;
				GCC_DYNAMIC_NO_PIC = NO;
				GCC_NO_COMMON_BLOCKS = YES;
				GCC_OPTIMIZATION_LEVEL = 0;
				GCC_PREPROCESSOR_DEFINITIONS = (
					"DEBUG=1",
					"$(inherited)",
				);
				GCC_WARN_64_TO_32_BIT_CONVERSION = YES;
				GCC_WARN_ABOUT_RETURN_TYPE = YES_ERROR;
				GCC_WARN_UNDECLARED_SELECTOR = YES;
				GCC_WARN_UNINITIALIZED_AUTOS = YES_AGGRESSIVE;
				GCC_WARN_UNUSED_FUNCTION = YES;
				GCC_WARN_UNUSED_VARIABLE = YES;
				IPHONEOS_DEPLOYMENT_TARGET = 15.2;
				MTL_ENABLE_DEBUG_INFO = INCLUDE_SOURCE;
				MTL_FAST_MATH = YES;
				ONLY_ACTIVE_ARCH = YES;
				SDKROOT = iphoneos;
				SWIFT_ACTIVE_COMPILATION_CONDITIONS = DEBUG;
				SWIFT_OPTIMIZATION_LEVEL = "-Onone";
			};
			name = Debug;
		};
		11080AB82982A97C00B73F5F /* Release */ = {
			isa = XCBuildConfiguration;
			buildSettings = {
				ALWAYS_SEARCH_USER_PATHS = NO;
				CLANG_ANALYZER_NONNULL = YES;
				CLANG_ANALYZER_NUMBER_OBJECT_CONVERSION = YES_AGGRESSIVE;
				CLANG_CXX_LANGUAGE_STANDARD = "gnu++17";
				CLANG_CXX_LIBRARY = "libc++";
				CLANG_ENABLE_MODULES = YES;
				CLANG_ENABLE_OBJC_ARC = YES;
				CLANG_ENABLE_OBJC_WEAK = YES;
				CLANG_WARN_BLOCK_CAPTURE_AUTORELEASING = YES;
				CLANG_WARN_BOOL_CONVERSION = YES;
				CLANG_WARN_COMMA = YES;
				CLANG_WARN_CONSTANT_CONVERSION = YES;
				CLANG_WARN_DEPRECATED_OBJC_IMPLEMENTATIONS = YES;
				CLANG_WARN_DIRECT_OBJC_ISA_USAGE = YES_ERROR;
				CLANG_WARN_DOCUMENTATION_COMMENTS = YES;
				CLANG_WARN_EMPTY_BODY = YES;
				CLANG_WARN_ENUM_CONVERSION = YES;
				CLANG_WARN_INFINITE_RECURSION = YES;
				CLANG_WARN_INT_CONVERSION = YES;
				CLANG_WARN_NON_LITERAL_NULL_CONVERSION = YES;
				CLANG_WARN_OBJC_IMPLICIT_RETAIN_SELF = YES;
				CLANG_WARN_OBJC_LITERAL_CONVERSION = YES;
				CLANG_WARN_OBJC_ROOT_CLASS = YES_ERROR;
				CLANG_WARN_QUOTED_INCLUDE_IN_FRAMEWORK_HEADER = YES;
				CLANG_WARN_RANGE_LOOP_ANALYSIS = YES;
				CLANG_WARN_STRICT_PROTOTYPES = YES;
				CLANG_WARN_SUSPICIOUS_MOVE = YES;
				CLANG_WARN_UNGUARDED_AVAILABILITY = YES_AGGRESSIVE;
				CLANG_WARN_UNREACHABLE_CODE = YES;
				CLANG_WARN__DUPLICATE_METHOD_MATCH = YES;
				COPY_PHASE_STRIP = NO;
				DEBUG_INFORMATION_FORMAT = "dwarf-with-dsym";
				ENABLE_NS_ASSERTIONS = NO;
				ENABLE_STRICT_OBJC_MSGSEND = YES;
				GCC_C_LANGUAGE_STANDARD = gnu11;
				GCC_NO_COMMON_BLOCKS = YES;
				GCC_WARN_64_TO_32_BIT_CONVERSION = YES;
				GCC_WARN_ABOUT_RETURN_TYPE = YES_ERROR;
				GCC_WARN_UNDECLARED_SELECTOR = YES;
				GCC_WARN_UNINITIALIZED_AUTOS = YES_AGGRESSIVE;
				GCC_WARN_UNUSED_FUNCTION = YES;
				GCC_WARN_UNUSED_VARIABLE = YES;
				IPHONEOS_DEPLOYMENT_TARGET = 15.2;
				MTL_ENABLE_DEBUG_INFO = NO;
				MTL_FAST_MATH = YES;
				SDKROOT = iphoneos;
				SWIFT_COMPILATION_MODE = wholemodule;
				SWIFT_OPTIMIZATION_LEVEL = "-O";
				VALIDATE_PRODUCT = YES;
			};
			name = Release;
		};
		11080ABA2982A97C00B73F5F /* Debug */ = {
			isa = XCBuildConfiguration;
			baseConfigurationReference = 24BD4243A59874B9C2CFACC2 /* Pods-autoTradingApp.debug.xcconfig */;
			buildSettings = {
				ASSETCATALOG_COMPILER_APPICON_NAME = AppIcon;
				ASSETCATALOG_COMPILER_GLOBAL_ACCENT_COLOR_NAME = AccentColor;
				CODE_SIGN_STYLE = Automatic;
				CURRENT_PROJECT_VERSION = 1;
				GENERATE_INFOPLIST_FILE = YES;
				INFOPLIST_FILE = autoTradingApp/Info.plist;
				INFOPLIST_KEY_UIApplicationSupportsIndirectInputEvents = YES;
				INFOPLIST_KEY_UILaunchStoryboardName = LaunchScreen;
				INFOPLIST_KEY_UISupportedInterfaceOrientations_iPad = "UIInterfaceOrientationPortrait UIInterfaceOrientationPortraitUpsideDown UIInterfaceOrientationLandscapeLeft UIInterfaceOrientationLandscapeRight";
				INFOPLIST_KEY_UISupportedInterfaceOrientations_iPhone = "UIInterfaceOrientationPortrait UIInterfaceOrientationLandscapeLeft UIInterfaceOrientationLandscapeRight";
				LD_RUNPATH_SEARCH_PATHS = (
					"$(inherited)",
					"@executable_path/Frameworks",
				);
				MARKETING_VERSION = 1.0;
				PRODUCT_BUNDLE_IDENTIFIER = com.hashswim.autoTradingApp;
				PRODUCT_NAME = "$(TARGET_NAME)";
				SWIFT_EMIT_LOC_STRINGS = YES;
				SWIFT_VERSION = 5.0;
				TARGETED_DEVICE_FAMILY = 1;
			};
			name = Debug;
		};
		11080ABB2982A97C00B73F5F /* Release */ = {
			isa = XCBuildConfiguration;
			baseConfigurationReference = 346451DBFB1F370215C74E0C /* Pods-autoTradingApp.release.xcconfig */;
			buildSettings = {
				ASSETCATALOG_COMPILER_APPICON_NAME = AppIcon;
				ASSETCATALOG_COMPILER_GLOBAL_ACCENT_COLOR_NAME = AccentColor;
				CODE_SIGN_STYLE = Automatic;
				CURRENT_PROJECT_VERSION = 1;
				GENERATE_INFOPLIST_FILE = YES;
				INFOPLIST_FILE = autoTradingApp/Info.plist;
				INFOPLIST_KEY_UIApplicationSupportsIndirectInputEvents = YES;
				INFOPLIST_KEY_UILaunchStoryboardName = LaunchScreen;
				INFOPLIST_KEY_UISupportedInterfaceOrientations_iPad = "UIInterfaceOrientationPortrait UIInterfaceOrientationPortraitUpsideDown UIInterfaceOrientationLandscapeLeft UIInterfaceOrientationLandscapeRight";
				INFOPLIST_KEY_UISupportedInterfaceOrientations_iPhone = "UIInterfaceOrientationPortrait UIInterfaceOrientationLandscapeLeft UIInterfaceOrientationLandscapeRight";
				LD_RUNPATH_SEARCH_PATHS = (
					"$(inherited)",
					"@executable_path/Frameworks",
				);
				MARKETING_VERSION = 1.0;
				PRODUCT_BUNDLE_IDENTIFIER = com.hashswim.autoTradingApp;
				PRODUCT_NAME = "$(TARGET_NAME)";
				SWIFT_EMIT_LOC_STRINGS = YES;
				SWIFT_VERSION = 5.0;
				TARGETED_DEVICE_FAMILY = 1;
			};
			name = Release;
		};
/* End XCBuildConfiguration section */

/* Begin XCConfigurationList section */
		11080AA02982A97B00B73F5F /* Build configuration list for PBXProject "autoTradingApp" */ = {
			isa = XCConfigurationList;
			buildConfigurations = (
				11080AB72982A97C00B73F5F /* Debug */,
				11080AB82982A97C00B73F5F /* Release */,
			);
			defaultConfigurationIsVisible = 0;
			defaultConfigurationName = Release;
		};
		11080AB92982A97C00B73F5F /* Build configuration list for PBXNativeTarget "autoTradingApp" */ = {
			isa = XCConfigurationList;
			buildConfigurations = (
				11080ABA2982A97C00B73F5F /* Debug */,
				11080ABB2982A97C00B73F5F /* Release */,
			);
			defaultConfigurationIsVisible = 0;
			defaultConfigurationName = Release;
		};
/* End XCConfigurationList section */
	};
	rootObject = 11080A9D2982A97B00B73F5F /* Project object */;
}
