// !$*UTF8*$!
{
	archiveVersion = 1;
	classes = {
	};
	objectVersion = 55;
	objects = {

/* Begin PBXBuildFile section */
		11080AA92982A97B00B73F5F /* AppDelegate.swift in Sources */ = {isa = PBXBuildFile; fileRef = 11080AA82982A97B00B73F5F /* AppDelegate.swift */; };
		11080AAB2982A97B00B73F5F /* SceneDelegate.swift in Sources */ = {isa = PBXBuildFile; fileRef = 11080AAA2982A97B00B73F5F /* SceneDelegate.swift */; };
		11080AAD2982A97B00B73F5F /* InitialViewController.swift in Sources */ = {isa = PBXBuildFile; fileRef = 11080AAC2982A97B00B73F5F /* InitialViewController.swift */; };
		11080AB22982A97C00B73F5F /* Assets.xcassets in Resources */ = {isa = PBXBuildFile; fileRef = 11080AB12982A97C00B73F5F /* Assets.xcassets */; };
		11080AB52982A97C00B73F5F /* LaunchScreen.storyboard in Resources */ = {isa = PBXBuildFile; fileRef = 11080AB32982A97C00B73F5F /* LaunchScreen.storyboard */; };
		11080AC02982B6C200B73F5F /* LoginView.swift in Sources */ = {isa = PBXBuildFile; fileRef = 11080ABF2982B6C200B73F5F /* LoginView.swift */; };
		112E4B2429B5F073009A3F8F /* ChartView2.swift in Sources */ = {isa = PBXBuildFile; fileRef = 112E4B2329B5F073009A3F8F /* ChartView2.swift */; };
		114DD3732982C1B0001E3E24 /* GuideCollectionViewCell.swift in Sources */ = {isa = PBXBuildFile; fileRef = 114DD3722982C1B0001E3E24 /* GuideCollectionViewCell.swift */; };
		114DD3752982CA81001E3E24 /* LoginViewController.swift in Sources */ = {isa = PBXBuildFile; fileRef = 114DD3742982CA81001E3E24 /* LoginViewController.swift */; };
		115802F72A45C0AA00BA3591 /* UIImage+.swift in Sources */ = {isa = PBXBuildFile; fileRef = 115802F62A45C0AA00BA3591 /* UIImage+.swift */; };
		115D1E1A29B9A89100E98541 /* MainHomeTabController.swift in Sources */ = {isa = PBXBuildFile; fileRef = 115D1E1929B9A89100E98541 /* MainHomeTabController.swift */; };
		115D1E1C29B9BAB300E98541 /* OverViewChartView.swift in Sources */ = {isa = PBXBuildFile; fileRef = 115D1E1B29B9BAB300E98541 /* OverViewChartView.swift */; };
		115D1E1E29BDEDA200E98541 /* TradingSegmentedControl.swift in Sources */ = {isa = PBXBuildFile; fileRef = 115D1E1D29BDEDA200E98541 /* TradingSegmentedControl.swift */; };
		115D1E2229C461C400E98541 /* NotoSansKR-Bold.otf in Resources */ = {isa = PBXBuildFile; fileRef = 115D1E2029C461C400E98541 /* NotoSansKR-Bold.otf */; };
		115D1E2329C461C400E98541 /* NotoSansKR-Regular.otf in Resources */ = {isa = PBXBuildFile; fileRef = 115D1E2129C461C400E98541 /* NotoSansKR-Regular.otf */; };
		115D1E2529C462D700E98541 /* NotoSansFont.swift in Sources */ = {isa = PBXBuildFile; fileRef = 115D1E2429C462D700E98541 /* NotoSansFont.swift */; };
		115D1E2729C46A0D00E98541 /* UIColor+.swift in Sources */ = {isa = PBXBuildFile; fileRef = 115D1E2629C46A0D00E98541 /* UIColor+.swift */; };
		115D1E2A29C6FC6300E98541 /* StockTradingViewController.swift in Sources */ = {isa = PBXBuildFile; fileRef = 115D1E2929C6FC6300E98541 /* StockTradingViewController.swift */; };
		115D1E2F29CD860300E98541 /* NetworkManager.swift in Sources */ = {isa = PBXBuildFile; fileRef = 115D1E2E29CD860300E98541 /* NetworkManager.swift */; };
		115DF50D29E56A1B00E9DFE9 /* DetailViewController.swift in Sources */ = {isa = PBXBuildFile; fileRef = 115DF50C29E56A1B00E9DFE9 /* DetailViewController.swift */; };
		115DF50F29EE801F00E9DFE9 /* JSONParser.swift in Sources */ = {isa = PBXBuildFile; fileRef = 115DF50E29EE801F00E9DFE9 /* JSONParser.swift */; };
		115DF51129EE805B00E9DFE9 /* RequestType.swift in Sources */ = {isa = PBXBuildFile; fileRef = 115DF51029EE805B00E9DFE9 /* RequestType.swift */; };
		115DF51329F2A03C00E9DFE9 /* PredictedRawServerResponse.swift in Sources */ = {isa = PBXBuildFile; fileRef = 115DF51229F2A03C00E9DFE9 /* PredictedRawServerResponse.swift */; };
		1161804029B8667400EA1E0D /* Stock.swift in Sources */ = {isa = PBXBuildFile; fileRef = 1161803F29B8667400EA1E0D /* Stock.swift */; };
		1161804329B86E2400EA1E0D /* StcokListCellCollectionViewCell.swift in Sources */ = {isa = PBXBuildFile; fileRef = 1161804229B86E2400EA1E0D /* StcokListCellCollectionViewCell.swift */; };
		116416142A519DD4008FA981 /* SearchViewCustomCell.swift in Sources */ = {isa = PBXBuildFile; fileRef = 116416132A519DD4008FA981 /* SearchViewCustomCell.swift */; };
		116416162A52ECF7008FA981 /* StrategyTableView.swift in Sources */ = {isa = PBXBuildFile; fileRef = 116416152A52ECF7008FA981 /* StrategyTableView.swift */; };
		116416192A555B3C008FA981 /* HeaderView.swift in Sources */ = {isa = PBXBuildFile; fileRef = 116416182A555B3C008FA981 /* HeaderView.swift */; };
		1164161B2A555BDD008FA981 /* TradingTransaction.swift in Sources */ = {isa = PBXBuildFile; fileRef = 1164161A2A555BDD008FA981 /* TradingTransaction.swift */; };
		1164161F2A597C3F008FA981 /* TradingCell.swift in Sources */ = {isa = PBXBuildFile; fileRef = 1164161E2A597C3F008FA981 /* TradingCell.swift */; };
		116416212A5D3002008FA981 /* HeaderCell.swift in Sources */ = {isa = PBXBuildFile; fileRef = 116416202A5D3002008FA981 /* HeaderCell.swift */; };
		11B064DC2A5FBD9C0016AB68 /* ExpandableTableViewCell.swift in Sources */ = {isa = PBXBuildFile; fileRef = 11B064DB2A5FBD9C0016AB68 /* ExpandableTableViewCell.swift */; };
		11B064DE2A6563120016AB68 /* CellDataModel.swift in Sources */ = {isa = PBXBuildFile; fileRef = 11B064DD2A6563120016AB68 /* CellDataModel.swift */; };
		11B064E02A67B9B70016AB68 /* TradableViewController.swift in Sources */ = {isa = PBXBuildFile; fileRef = 11B064DF2A67B9B70016AB68 /* TradableViewController.swift */; };
		11B064E42A67D3320016AB68 /* CustomStepper.swift in Sources */ = {isa = PBXBuildFile; fileRef = 11B064E32A67D3320016AB68 /* CustomStepper.swift */; };
		11B064E62A67D4370016AB68 /* TransactionView.swift in Sources */ = {isa = PBXBuildFile; fileRef = 11B064E52A67D4370016AB68 /* TransactionView.swift */; };
		11B1ECF62A7E7CD2000E7D2B /* mainTabSegmentedControl.swift in Sources */ = {isa = PBXBuildFile; fileRef = 11B1ECF52A7E7CD2000E7D2B /* mainTabSegmentedControl.swift */; };
		11B1ED002A8487AF000E7D2B /* autoTradingAppTests.swift in Sources */ = {isa = PBXBuildFile; fileRef = 11B1ECFF2A8487AF000E7D2B /* autoTradingAppTests.swift */; };
		11B1ED072A8489D7000E7D2B /* AccessToken.swift in Sources */ = {isa = PBXBuildFile; fileRef = 11B1ED062A8489D7000E7D2B /* AccessToken.swift */; };
		11BD4DE32A0A86D100ADE7C6 /* Pods_autoTradingApp.framework in Frameworks */ = {isa = PBXBuildFile; fileRef = 252BF33AE0CA15FA7353E431 /* Pods_autoTradingApp.framework */; };
		11CCC42C2A442AA300D67B47 /* DropDownView.swift in Sources */ = {isa = PBXBuildFile; fileRef = 11CCC42B2A442AA300D67B47 /* DropDownView.swift */; };
		11E10E742A13A639007F3E10 /* StockTradingViewTableCell.swift in Sources */ = {isa = PBXBuildFile; fileRef = 11E10E732A13A639007F3E10 /* StockTradingViewTableCell.swift */; };
		11E10E762A13B23C007F3E10 /* predictedAlgorithm.swift in Sources */ = {isa = PBXBuildFile; fileRef = 11E10E752A13B23C007F3E10 /* predictedAlgorithm.swift */; };
		11E10E7D2A1BA4E6007F3E10 /* SearchViewController.swift in Sources */ = {isa = PBXBuildFile; fileRef = 11E10E7C2A1BA4E6007F3E10 /* SearchViewController.swift */; };
		11E10E7F2A1BA4F8007F3E10 /* TradingViewController.swift in Sources */ = {isa = PBXBuildFile; fileRef = 11E10E7E2A1BA4F8007F3E10 /* TradingViewController.swift */; };
		11E10E812A1BA50D007F3E10 /* MyPageViewController.swift in Sources */ = {isa = PBXBuildFile; fileRef = 11E10E802A1BA50D007F3E10 /* MyPageViewController.swift */; };
		11E10E832A1F407B007F3E10 /* StockInfoView.swift in Sources */ = {isa = PBXBuildFile; fileRef = 11E10E822A1F407B007F3E10 /* StockInfoView.swift */; };
		11E10E852A27739A007F3E10 /* AdditionalTradingCellView.swift in Sources */ = {isa = PBXBuildFile; fileRef = 11E10E842A27739A007F3E10 /* AdditionalTradingCellView.swift */; };
		11E10E892A3747E7007F3E10 /* NSMutableAttributedString.swift in Sources */ = {isa = PBXBuildFile; fileRef = 11E10E882A3747E7007F3E10 /* NSMutableAttributedString.swift */; };
		11E10E8B2A407C12007F3E10 /* NotoSansKR-Medium.otf in Resources */ = {isa = PBXBuildFile; fileRef = 11E10E8A2A407C12007F3E10 /* NotoSansKR-Medium.otf */; };
		11E7F95D29A5CA4C00C29B83 /* GuideConstant.swift in Sources */ = {isa = PBXBuildFile; fileRef = 11E7F95C29A5CA4C00C29B83 /* GuideConstant.swift */; };
		11E7F96029A8D23D00C29B83 /* SignUpGuideView.swift in Sources */ = {isa = PBXBuildFile; fileRef = 11E7F95F29A8D23D00C29B83 /* SignUpGuideView.swift */; };
		11E7F96229A8D6F700C29B83 /* CustomTextField.swift in Sources */ = {isa = PBXBuildFile; fileRef = 11E7F96129A8D6F700C29B83 /* CustomTextField.swift */; };
		11E7F96529B3547500C29B83 /* MainTabBarControllerViewController.swift in Sources */ = {isa = PBXBuildFile; fileRef = 11E7F96429B3547500C29B83 /* MainTabBarControllerViewController.swift */; };
		11E7F96829B3578600C29B83 /* ChartViewController.swift in Sources */ = {isa = PBXBuildFile; fileRef = 11E7F96729B3578600C29B83 /* ChartViewController.swift */; };
		11E7F96B29B4AD7C00C29B83 /* SignUpGuideViewController.swift in Sources */ = {isa = PBXBuildFile; fileRef = 11E7F96A29B4AD7C00C29B83 /* SignUpGuideViewController.swift */; };
		11E7F96E29B4C41E00C29B83 /* SignUpIsUserViewController.swift in Sources */ = {isa = PBXBuildFile; fileRef = 11E7F96D29B4C41E00C29B83 /* SignUpIsUserViewController.swift */; };
		11E7F97029B4C43E00C29B83 /* SignUpIsUserView.swift in Sources */ = {isa = PBXBuildFile; fileRef = 11E7F96F29B4C43E00C29B83 /* SignUpIsUserView.swift */; };
		11E7F97229B4C57E00C29B83 /* SignUpTOSViewController.swift in Sources */ = {isa = PBXBuildFile; fileRef = 11E7F97129B4C57E00C29B83 /* SignUpTOSViewController.swift */; };
		11E7F97429B4C59200C29B83 /* SignUpTOSView.swift in Sources */ = {isa = PBXBuildFile; fileRef = 11E7F97329B4C59200C29B83 /* SignUpTOSView.swift */; };
		99086D522A0A329200FAA427 /* temp.swift in Sources */ = {isa = PBXBuildFile; fileRef = 99086D512A0A329200FAA427 /* temp.swift */; };
/* End PBXBuildFile section */

/* Begin PBXContainerItemProxy section */
		11B1ED012A8487AF000E7D2B /* PBXContainerItemProxy */ = {
			isa = PBXContainerItemProxy;
			containerPortal = 11080A9D2982A97B00B73F5F /* Project object */;
			proxyType = 1;
			remoteGlobalIDString = 11080AA42982A97B00B73F5F;
			remoteInfo = autoTradingApp;
		};
/* End PBXContainerItemProxy section */

/* Begin PBXFileReference section */
		0620A098C3A1A54533A5F886 /* Pods-autoTradingApp.debug.xcconfig */ = {isa = PBXFileReference; includeInIndex = 1; lastKnownFileType = text.xcconfig; name = "Pods-autoTradingApp.debug.xcconfig"; path = "Target Support Files/Pods-autoTradingApp/Pods-autoTradingApp.debug.xcconfig"; sourceTree = "<group>"; };
		11080AA52982A97B00B73F5F /* autoTradingApp.app */ = {isa = PBXFileReference; explicitFileType = wrapper.application; includeInIndex = 0; path = autoTradingApp.app; sourceTree = BUILT_PRODUCTS_DIR; };
		11080AA82982A97B00B73F5F /* AppDelegate.swift */ = {isa = PBXFileReference; lastKnownFileType = sourcecode.swift; path = AppDelegate.swift; sourceTree = "<group>"; };
		11080AAA2982A97B00B73F5F /* SceneDelegate.swift */ = {isa = PBXFileReference; lastKnownFileType = sourcecode.swift; path = SceneDelegate.swift; sourceTree = "<group>"; };
		11080AAC2982A97B00B73F5F /* InitialViewController.swift */ = {isa = PBXFileReference; lastKnownFileType = sourcecode.swift; path = InitialViewController.swift; sourceTree = "<group>"; };
		11080AB12982A97C00B73F5F /* Assets.xcassets */ = {isa = PBXFileReference; lastKnownFileType = folder.assetcatalog; path = Assets.xcassets; sourceTree = "<group>"; };
		11080AB42982A97C00B73F5F /* Base */ = {isa = PBXFileReference; lastKnownFileType = file.storyboard; name = Base; path = Base.lproj/LaunchScreen.storyboard; sourceTree = "<group>"; };
		11080AB62982A97C00B73F5F /* Info.plist */ = {isa = PBXFileReference; lastKnownFileType = text.plist.xml; path = Info.plist; sourceTree = "<group>"; };
		11080ABF2982B6C200B73F5F /* LoginView.swift */ = {isa = PBXFileReference; lastKnownFileType = sourcecode.swift; path = LoginView.swift; sourceTree = "<group>"; };
		112E4B2329B5F073009A3F8F /* ChartView2.swift */ = {isa = PBXFileReference; lastKnownFileType = sourcecode.swift; name = ChartView2.swift; path = autoTradingApp/View/MenuTab/ChartView2.swift; sourceTree = SOURCE_ROOT; };
		114DD3722982C1B0001E3E24 /* GuideCollectionViewCell.swift */ = {isa = PBXFileReference; lastKnownFileType = sourcecode.swift; path = GuideCollectionViewCell.swift; sourceTree = "<group>"; };
		114DD3742982CA81001E3E24 /* LoginViewController.swift */ = {isa = PBXFileReference; lastKnownFileType = sourcecode.swift; path = LoginViewController.swift; sourceTree = "<group>"; };
		115802F62A45C0AA00BA3591 /* UIImage+.swift */ = {isa = PBXFileReference; lastKnownFileType = sourcecode.swift; path = "UIImage+.swift"; sourceTree = "<group>"; };
		115D1E1929B9A89100E98541 /* MainHomeTabController.swift */ = {isa = PBXFileReference; lastKnownFileType = sourcecode.swift; path = MainHomeTabController.swift; sourceTree = "<group>"; };
		115D1E1B29B9BAB300E98541 /* OverViewChartView.swift */ = {isa = PBXFileReference; lastKnownFileType = sourcecode.swift; path = OverViewChartView.swift; sourceTree = "<group>"; };
		115D1E1D29BDEDA200E98541 /* TradingSegmentedControl.swift */ = {isa = PBXFileReference; lastKnownFileType = sourcecode.swift; path = TradingSegmentedControl.swift; sourceTree = "<group>"; };
		115D1E2029C461C400E98541 /* NotoSansKR-Bold.otf */ = {isa = PBXFileReference; lastKnownFileType = file; path = "NotoSansKR-Bold.otf"; sourceTree = "<group>"; };
		115D1E2129C461C400E98541 /* NotoSansKR-Regular.otf */ = {isa = PBXFileReference; lastKnownFileType = file; path = "NotoSansKR-Regular.otf"; sourceTree = "<group>"; };
		115D1E2429C462D700E98541 /* NotoSansFont.swift */ = {isa = PBXFileReference; lastKnownFileType = sourcecode.swift; path = NotoSansFont.swift; sourceTree = "<group>"; };
		115D1E2629C46A0D00E98541 /* UIColor+.swift */ = {isa = PBXFileReference; lastKnownFileType = sourcecode.swift; path = "UIColor+.swift"; sourceTree = "<group>"; };
		115D1E2929C6FC6300E98541 /* StockTradingViewController.swift */ = {isa = PBXFileReference; lastKnownFileType = sourcecode.swift; path = StockTradingViewController.swift; sourceTree = "<group>"; };
		115D1E2E29CD860300E98541 /* NetworkManager.swift */ = {isa = PBXFileReference; lastKnownFileType = sourcecode.swift; path = NetworkManager.swift; sourceTree = "<group>"; };
		115DF50C29E56A1B00E9DFE9 /* DetailViewController.swift */ = {isa = PBXFileReference; lastKnownFileType = sourcecode.swift; path = DetailViewController.swift; sourceTree = "<group>"; };
		115DF50E29EE801F00E9DFE9 /* JSONParser.swift */ = {isa = PBXFileReference; lastKnownFileType = sourcecode.swift; path = JSONParser.swift; sourceTree = "<group>"; };
		115DF51029EE805B00E9DFE9 /* RequestType.swift */ = {isa = PBXFileReference; lastKnownFileType = sourcecode.swift; path = RequestType.swift; sourceTree = "<group>"; };
		115DF51229F2A03C00E9DFE9 /* PredictedRawServerResponse.swift */ = {isa = PBXFileReference; lastKnownFileType = sourcecode.swift; path = PredictedRawServerResponse.swift; sourceTree = "<group>"; };
		1161803F29B8667400EA1E0D /* Stock.swift */ = {isa = PBXFileReference; lastKnownFileType = sourcecode.swift; name = Stock.swift; path = autoTradingApp/Model/Stock.swift; sourceTree = SOURCE_ROOT; };
		1161804229B86E2400EA1E0D /* StcokListCellCollectionViewCell.swift */ = {isa = PBXFileReference; lastKnownFileType = sourcecode.swift; path = StcokListCellCollectionViewCell.swift; sourceTree = "<group>"; };
		116416132A519DD4008FA981 /* SearchViewCustomCell.swift */ = {isa = PBXFileReference; lastKnownFileType = sourcecode.swift; path = SearchViewCustomCell.swift; sourceTree = "<group>"; };
		116416152A52ECF7008FA981 /* StrategyTableView.swift */ = {isa = PBXFileReference; lastKnownFileType = sourcecode.swift; path = StrategyTableView.swift; sourceTree = "<group>"; };
		116416182A555B3C008FA981 /* HeaderView.swift */ = {isa = PBXFileReference; lastKnownFileType = sourcecode.swift; path = HeaderView.swift; sourceTree = "<group>"; };
		1164161A2A555BDD008FA981 /* TradingTransaction.swift */ = {isa = PBXFileReference; lastKnownFileType = sourcecode.swift; path = TradingTransaction.swift; sourceTree = "<group>"; };
		1164161E2A597C3F008FA981 /* TradingCell.swift */ = {isa = PBXFileReference; lastKnownFileType = sourcecode.swift; path = TradingCell.swift; sourceTree = "<group>"; };
		116416202A5D3002008FA981 /* HeaderCell.swift */ = {isa = PBXFileReference; lastKnownFileType = sourcecode.swift; path = HeaderCell.swift; sourceTree = "<group>"; };
		11B064DB2A5FBD9C0016AB68 /* ExpandableTableViewCell.swift */ = {isa = PBXFileReference; lastKnownFileType = sourcecode.swift; path = ExpandableTableViewCell.swift; sourceTree = "<group>"; };
		11B064DD2A6563120016AB68 /* CellDataModel.swift */ = {isa = PBXFileReference; lastKnownFileType = sourcecode.swift; path = CellDataModel.swift; sourceTree = "<group>"; };
		11B064DF2A67B9B70016AB68 /* TradableViewController.swift */ = {isa = PBXFileReference; lastKnownFileType = sourcecode.swift; path = TradableViewController.swift; sourceTree = "<group>"; };
		11B064E32A67D3320016AB68 /* CustomStepper.swift */ = {isa = PBXFileReference; lastKnownFileType = sourcecode.swift; path = CustomStepper.swift; sourceTree = "<group>"; };
		11B064E52A67D4370016AB68 /* TransactionView.swift */ = {isa = PBXFileReference; lastKnownFileType = sourcecode.swift; path = TransactionView.swift; sourceTree = "<group>"; };
		11B1ECF52A7E7CD2000E7D2B /* mainTabSegmentedControl.swift */ = {isa = PBXFileReference; lastKnownFileType = sourcecode.swift; path = mainTabSegmentedControl.swift; sourceTree = "<group>"; };
		11B1ECFD2A8487AF000E7D2B /* autoTradingAppTests.xctest */ = {isa = PBXFileReference; explicitFileType = wrapper.cfbundle; includeInIndex = 0; path = autoTradingAppTests.xctest; sourceTree = BUILT_PRODUCTS_DIR; };
		11B1ECFF2A8487AF000E7D2B /* autoTradingAppTests.swift */ = {isa = PBXFileReference; lastKnownFileType = sourcecode.swift; path = autoTradingAppTests.swift; sourceTree = "<group>"; };
		11B1ED062A8489D7000E7D2B /* AccessToken.swift */ = {isa = PBXFileReference; lastKnownFileType = sourcecode.swift; path = AccessToken.swift; sourceTree = "<group>"; };
		11CCC42B2A442AA300D67B47 /* DropDownView.swift */ = {isa = PBXFileReference; lastKnownFileType = sourcecode.swift; path = DropDownView.swift; sourceTree = "<group>"; };
		11E10E732A13A639007F3E10 /* StockTradingViewTableCell.swift */ = {isa = PBXFileReference; lastKnownFileType = sourcecode.swift; path = StockTradingViewTableCell.swift; sourceTree = "<group>"; };
		11E10E752A13B23C007F3E10 /* predictedAlgorithm.swift */ = {isa = PBXFileReference; lastKnownFileType = sourcecode.swift; path = predictedAlgorithm.swift; sourceTree = "<group>"; };
		11E10E7C2A1BA4E6007F3E10 /* SearchViewController.swift */ = {isa = PBXFileReference; lastKnownFileType = sourcecode.swift; path = SearchViewController.swift; sourceTree = "<group>"; };
		11E10E7E2A1BA4F8007F3E10 /* TradingViewController.swift */ = {isa = PBXFileReference; lastKnownFileType = sourcecode.swift; path = TradingViewController.swift; sourceTree = "<group>"; };
		11E10E802A1BA50D007F3E10 /* MyPageViewController.swift */ = {isa = PBXFileReference; lastKnownFileType = sourcecode.swift; path = MyPageViewController.swift; sourceTree = "<group>"; };
		11E10E822A1F407B007F3E10 /* StockInfoView.swift */ = {isa = PBXFileReference; lastKnownFileType = sourcecode.swift; path = StockInfoView.swift; sourceTree = "<group>"; };
		11E10E842A27739A007F3E10 /* AdditionalTradingCellView.swift */ = {isa = PBXFileReference; lastKnownFileType = sourcecode.swift; path = AdditionalTradingCellView.swift; sourceTree = "<group>"; };
		11E10E882A3747E7007F3E10 /* NSMutableAttributedString.swift */ = {isa = PBXFileReference; lastKnownFileType = sourcecode.swift; path = NSMutableAttributedString.swift; sourceTree = "<group>"; };
		11E10E8A2A407C12007F3E10 /* NotoSansKR-Medium.otf */ = {isa = PBXFileReference; lastKnownFileType = file; name = "NotoSansKR-Medium.otf"; path = "../../../../../Downloads/Noto_Sans_KR/NotoSansKR-Medium.otf"; sourceTree = "<group>"; };
		11E7F95C29A5CA4C00C29B83 /* GuideConstant.swift */ = {isa = PBXFileReference; lastKnownFileType = sourcecode.swift; path = GuideConstant.swift; sourceTree = "<group>"; };
		11E7F95F29A8D23D00C29B83 /* SignUpGuideView.swift */ = {isa = PBXFileReference; lastKnownFileType = sourcecode.swift; path = SignUpGuideView.swift; sourceTree = "<group>"; };
		11E7F96129A8D6F700C29B83 /* CustomTextField.swift */ = {isa = PBXFileReference; lastKnownFileType = sourcecode.swift; path = CustomTextField.swift; sourceTree = "<group>"; };
		11E7F96429B3547500C29B83 /* MainTabBarControllerViewController.swift */ = {isa = PBXFileReference; lastKnownFileType = sourcecode.swift; path = MainTabBarControllerViewController.swift; sourceTree = "<group>"; };
		11E7F96729B3578600C29B83 /* ChartViewController.swift */ = {isa = PBXFileReference; lastKnownFileType = sourcecode.swift; path = ChartViewController.swift; sourceTree = "<group>"; };
		11E7F96A29B4AD7C00C29B83 /* SignUpGuideViewController.swift */ = {isa = PBXFileReference; lastKnownFileType = sourcecode.swift; path = SignUpGuideViewController.swift; sourceTree = "<group>"; };
		11E7F96D29B4C41E00C29B83 /* SignUpIsUserViewController.swift */ = {isa = PBXFileReference; lastKnownFileType = sourcecode.swift; path = SignUpIsUserViewController.swift; sourceTree = "<group>"; };
		11E7F96F29B4C43E00C29B83 /* SignUpIsUserView.swift */ = {isa = PBXFileReference; lastKnownFileType = sourcecode.swift; path = SignUpIsUserView.swift; sourceTree = "<group>"; };
		11E7F97129B4C57E00C29B83 /* SignUpTOSViewController.swift */ = {isa = PBXFileReference; lastKnownFileType = sourcecode.swift; path = SignUpTOSViewController.swift; sourceTree = "<group>"; };
		11E7F97329B4C59200C29B83 /* SignUpTOSView.swift */ = {isa = PBXFileReference; lastKnownFileType = sourcecode.swift; path = SignUpTOSView.swift; sourceTree = "<group>"; };
		252BF33AE0CA15FA7353E431 /* Pods_autoTradingApp.framework */ = {isa = PBXFileReference; explicitFileType = wrapper.framework; includeInIndex = 0; path = Pods_autoTradingApp.framework; sourceTree = BUILT_PRODUCTS_DIR; };
		86105BF2B75E204C034E6600 /* Pods-autoTradingApp.release.xcconfig */ = {isa = PBXFileReference; includeInIndex = 1; lastKnownFileType = text.xcconfig; name = "Pods-autoTradingApp.release.xcconfig"; path = "Target Support Files/Pods-autoTradingApp/Pods-autoTradingApp.release.xcconfig"; sourceTree = "<group>"; };
		99086D512A0A329200FAA427 /* temp.swift */ = {isa = PBXFileReference; lastKnownFileType = sourcecode.swift; path = temp.swift; sourceTree = "<group>"; };
/* End PBXFileReference section */

/* Begin PBXFrameworksBuildPhase section */
		11080AA22982A97B00B73F5F /* Frameworks */ = {
			isa = PBXFrameworksBuildPhase;
			buildActionMask = 2147483647;
			files = (
				11BD4DE32A0A86D100ADE7C6 /* Pods_autoTradingApp.framework in Frameworks */,
			);
			runOnlyForDeploymentPostprocessing = 0;
		};
		11B1ECFA2A8487AF000E7D2B /* Frameworks */ = {
			isa = PBXFrameworksBuildPhase;
			buildActionMask = 2147483647;
			files = (
			);
			runOnlyForDeploymentPostprocessing = 0;
		};
/* End PBXFrameworksBuildPhase section */

/* Begin PBXGroup section */
		11080A9C2982A97B00B73F5F = {
			isa = PBXGroup;
			children = (
				11080AA72982A97B00B73F5F /* autoTradingApp */,
				11B1ECFE2A8487AF000E7D2B /* autoTradingAppTests */,
				11080AA62982A97B00B73F5F /* Products */,
				BC3ACC3A6B2F655290CA7349 /* Pods */,
				9031988C34B0E63E9A8D5AA4 /* Frameworks */,
			);
			sourceTree = "<group>";
		};
		11080AA62982A97B00B73F5F /* Products */ = {
			isa = PBXGroup;
			children = (
				11080AA52982A97B00B73F5F /* autoTradingApp.app */,
				11B1ECFD2A8487AF000E7D2B /* autoTradingAppTests.xctest */,
			);
			name = Products;
			sourceTree = "<group>";
		};
		11080AA72982A97B00B73F5F /* autoTradingApp */ = {
			isa = PBXGroup;
			children = (
				11080AB62982A97C00B73F5F /* Info.plist */,
				11080AB32982A97C00B73F5F /* LaunchScreen.storyboard */,
				11080AB12982A97C00B73F5F /* Assets.xcassets */,
				11080AA82982A97B00B73F5F /* AppDelegate.swift */,
				11080AAA2982A97B00B73F5F /* SceneDelegate.swift */,
				1161804429B86E6B00EA1E0D /* Model */,
				11080ABD2982AC5000B73F5F /* View */,
				11080ABC2982AC3C00B73F5F /* Controller */,
				11E7F958298E95F800C29B83 /* Utility */,
			);
			path = autoTradingApp;
			sourceTree = "<group>";
		};
		11080ABC2982AC3C00B73F5F /* Controller */ = {
			isa = PBXGroup;
			children = (
				11E7F956298E8B5D00C29B83 /* Initial */,
				11E7F957298E8B6D00C29B83 /* Login */,
				11E7F96C29B4B75400C29B83 /* SignUp */,
				11E7F96329B3544E00C29B83 /* MainTabBarController */,
			);
			path = Controller;
			sourceTree = "<group>";
		};
		11080ABD2982AC5000B73F5F /* View */ = {
			isa = PBXGroup;
			children = (
				11E7F955298E8B4900C29B83 /* Initial */,
				11E7F953298E877300C29B83 /* Login */,
				11E7F95E29A8D20A00C29B83 /* SignUp */,
				112E4B2529B5F365009A3F8F /* MenuTab */,
			);
			path = View;
			sourceTree = "<group>";
		};
		112E4B2529B5F365009A3F8F /* MenuTab */ = {
			isa = PBXGroup;
			children = (
				1161804129B8680000EA1E0D /* MainTabView */,
				116416122A519DC1008FA981 /* SearchView */,
				116416172A555B0E008FA981 /* TradingView */,
				11B064DA2A5FBD670016AB68 /* MyPage */,
				112E4B2329B5F073009A3F8F /* ChartView2.swift */,
			);
			path = MenuTab;
			sourceTree = "<group>";
		};
		115D1E1F29C4616A00E98541 /* Font */ = {
			isa = PBXGroup;
			children = (
				115D1E2429C462D700E98541 /* NotoSansFont.swift */,
				11E10E8A2A407C12007F3E10 /* NotoSansKR-Medium.otf */,
				115D1E2029C461C400E98541 /* NotoSansKR-Bold.otf */,
				115D1E2129C461C400E98541 /* NotoSansKR-Regular.otf */,
			);
			path = Font;
			sourceTree = "<group>";
		};
		115D1E2829C6FC2B00E98541 /* Home */ = {
			isa = PBXGroup;
			children = (
				115D1E1929B9A89100E98541 /* MainHomeTabController.swift */,
				115D1E2929C6FC6300E98541 /* StockTradingViewController.swift */,
				115DF50C29E56A1B00E9DFE9 /* DetailViewController.swift */,
				116416152A52ECF7008FA981 /* StrategyTableView.swift */,
			);
			path = Home;
			sourceTree = "<group>";
		};
		115D1E2D29CD85A100E98541 /* Network */ = {
			isa = PBXGroup;
			children = (
				115D1E2E29CD860300E98541 /* NetworkManager.swift */,
				115DF50E29EE801F00E9DFE9 /* JSONParser.swift */,
				115DF51029EE805B00E9DFE9 /* RequestType.swift */,
				115DF51229F2A03C00E9DFE9 /* PredictedRawServerResponse.swift */,
				11B064DD2A6563120016AB68 /* CellDataModel.swift */,
				11B1ED062A8489D7000E7D2B /* AccessToken.swift */,
			);
			path = Network;
			sourceTree = "<group>";
		};
		1161804129B8680000EA1E0D /* MainTabView */ = {
			isa = PBXGroup;
			children = (
				1161804229B86E2400EA1E0D /* StcokListCellCollectionViewCell.swift */,
				115D1E1B29B9BAB300E98541 /* OverViewChartView.swift */,
				115D1E1D29BDEDA200E98541 /* TradingSegmentedControl.swift */,
				11E10E732A13A639007F3E10 /* StockTradingViewTableCell.swift */,
				11E10E822A1F407B007F3E10 /* StockInfoView.swift */,
				11E10E842A27739A007F3E10 /* AdditionalTradingCellView.swift */,
				11CCC42B2A442AA300D67B47 /* DropDownView.swift */,
				11B1ECF52A7E7CD2000E7D2B /* mainTabSegmentedControl.swift */,
			);
			path = MainTabView;
			sourceTree = "<group>";
		};
		1161804429B86E6B00EA1E0D /* Model */ = {
			isa = PBXGroup;
			children = (
				115D1E2D29CD85A100E98541 /* Network */,
				1161803F29B8667400EA1E0D /* Stock.swift */,
				11E10E752A13B23C007F3E10 /* predictedAlgorithm.swift */,
				1164161A2A555BDD008FA981 /* TradingTransaction.swift */,
			);
			path = Model;
			sourceTree = "<group>";
		};
		116416122A519DC1008FA981 /* SearchView */ = {
			isa = PBXGroup;
			children = (
				116416132A519DD4008FA981 /* SearchViewCustomCell.swift */,
				11B064E32A67D3320016AB68 /* CustomStepper.swift */,
				11B064E52A67D4370016AB68 /* TransactionView.swift */,
			);
			path = SearchView;
			sourceTree = "<group>";
		};
		116416172A555B0E008FA981 /* TradingView */ = {
			isa = PBXGroup;
			children = (
				116416182A555B3C008FA981 /* HeaderView.swift */,
				1164161E2A597C3F008FA981 /* TradingCell.swift */,
				116416202A5D3002008FA981 /* HeaderCell.swift */,
			);
			path = TradingView;
			sourceTree = "<group>";
		};
		11B064DA2A5FBD670016AB68 /* MyPage */ = {
			isa = PBXGroup;
			children = (
				11B064DB2A5FBD9C0016AB68 /* ExpandableTableViewCell.swift */,
			);
			path = MyPage;
			sourceTree = "<group>";
		};
		11B1ECFE2A8487AF000E7D2B /* autoTradingAppTests */ = {
			isa = PBXGroup;
			children = (
				11B1ECFF2A8487AF000E7D2B /* autoTradingAppTests.swift */,
			);
			path = autoTradingAppTests;
			sourceTree = "<group>";
		};
		11E10E792A1BA135007F3E10 /* Search */ = {
			isa = PBXGroup;
			children = (
				11E10E7C2A1BA4E6007F3E10 /* SearchViewController.swift */,
				11B064DF2A67B9B70016AB68 /* TradableViewController.swift */,
			);
			path = Search;
			sourceTree = "<group>";
		};
		11E10E7A2A1BA13C007F3E10 /* Trading */ = {
			isa = PBXGroup;
			children = (
				11E10E7E2A1BA4F8007F3E10 /* TradingViewController.swift */,
			);
			path = Trading;
			sourceTree = "<group>";
		};
		11E10E7B2A1BA145007F3E10 /* MyPage */ = {
			isa = PBXGroup;
			children = (
				11E10E802A1BA50D007F3E10 /* MyPageViewController.swift */,
			);
			path = MyPage;
			sourceTree = "<group>";
		};
		11E7F953298E877300C29B83 /* Login */ = {
			isa = PBXGroup;
			children = (
				11080ABF2982B6C200B73F5F /* LoginView.swift */,
				11E7F96129A8D6F700C29B83 /* CustomTextField.swift */,
				99086D512A0A329200FAA427 /* temp.swift */,
			);
			path = Login;
			sourceTree = "<group>";
		};
		11E7F955298E8B4900C29B83 /* Initial */ = {
			isa = PBXGroup;
			children = (
				114DD3722982C1B0001E3E24 /* GuideCollectionViewCell.swift */,
			);
			path = Initial;
			sourceTree = "<group>";
		};
		11E7F956298E8B5D00C29B83 /* Initial */ = {
			isa = PBXGroup;
			children = (
				11080AAC2982A97B00B73F5F /* InitialViewController.swift */,
			);
			path = Initial;
			sourceTree = "<group>";
		};
		11E7F957298E8B6D00C29B83 /* Login */ = {
			isa = PBXGroup;
			children = (
				114DD3742982CA81001E3E24 /* LoginViewController.swift */,
			);
			path = Login;
			sourceTree = "<group>";
		};
		11E7F958298E95F800C29B83 /* Utility */ = {
			isa = PBXGroup;
			children = (
				115D1E1F29C4616A00E98541 /* Font */,
				11E7F95C29A5CA4C00C29B83 /* GuideConstant.swift */,
				115D1E2629C46A0D00E98541 /* UIColor+.swift */,
				11E10E882A3747E7007F3E10 /* NSMutableAttributedString.swift */,
				115802F62A45C0AA00BA3591 /* UIImage+.swift */,
			);
			path = Utility;
			sourceTree = "<group>";
		};
		11E7F95E29A8D20A00C29B83 /* SignUp */ = {
			isa = PBXGroup;
			children = (
				11E7F95F29A8D23D00C29B83 /* SignUpGuideView.swift */,
				11E7F96F29B4C43E00C29B83 /* SignUpIsUserView.swift */,
				11E7F97329B4C59200C29B83 /* SignUpTOSView.swift */,
			);
			path = SignUp;
			sourceTree = "<group>";
		};
		11E7F96329B3544E00C29B83 /* MainTabBarController */ = {
			isa = PBXGroup;
			children = (
				11E7F96629B3576A00C29B83 /* TabBarItem */,
				11E7F96429B3547500C29B83 /* MainTabBarControllerViewController.swift */,
			);
			path = MainTabBarController;
			sourceTree = "<group>";
		};
		11E7F96629B3576A00C29B83 /* TabBarItem */ = {
			isa = PBXGroup;
			children = (
				115D1E2829C6FC2B00E98541 /* Home */,
				11E10E792A1BA135007F3E10 /* Search */,
				11E10E7A2A1BA13C007F3E10 /* Trading */,
				11E10E7B2A1BA145007F3E10 /* MyPage */,
			);
			path = TabBarItem;
			sourceTree = "<group>";
		};
		11E7F96C29B4B75400C29B83 /* SignUp */ = {
			isa = PBXGroup;
			children = (
				11E7F96729B3578600C29B83 /* ChartViewController.swift */,
				11E7F96A29B4AD7C00C29B83 /* SignUpGuideViewController.swift */,
				11E7F96D29B4C41E00C29B83 /* SignUpIsUserViewController.swift */,
				11E7F97129B4C57E00C29B83 /* SignUpTOSViewController.swift */,
			);
			path = SignUp;
			sourceTree = "<group>";
		};
		9031988C34B0E63E9A8D5AA4 /* Frameworks */ = {
			isa = PBXGroup;
			children = (
				252BF33AE0CA15FA7353E431 /* Pods_autoTradingApp.framework */,
			);
			name = Frameworks;
			sourceTree = "<group>";
		};
		BC3ACC3A6B2F655290CA7349 /* Pods */ = {
			isa = PBXGroup;
			children = (
				0620A098C3A1A54533A5F886 /* Pods-autoTradingApp.debug.xcconfig */,
				86105BF2B75E204C034E6600 /* Pods-autoTradingApp.release.xcconfig */,
			);
			path = Pods;
			sourceTree = "<group>";
		};
/* End PBXGroup section */

/* Begin PBXNativeTarget section */
		11080AA42982A97B00B73F5F /* autoTradingApp */ = {
			isa = PBXNativeTarget;
			buildConfigurationList = 11080AB92982A97C00B73F5F /* Build configuration list for PBXNativeTarget "autoTradingApp" */;
			buildPhases = (
				5912CF53640D4DA5B36123E7 /* [CP] Check Pods Manifest.lock */,
				11080AA12982A97B00B73F5F /* Sources */,
				11080AA22982A97B00B73F5F /* Frameworks */,
				11080AA32982A97B00B73F5F /* Resources */,
				3E512587D17D9A491E4D78C3 /* [CP] Embed Pods Frameworks */,
			);
			buildRules = (
			);
			dependencies = (
			);
			name = autoTradingApp;
			productName = autoTradingApp;
			productReference = 11080AA52982A97B00B73F5F /* autoTradingApp.app */;
			productType = "com.apple.product-type.application";
		};
		11B1ECFC2A8487AF000E7D2B /* autoTradingAppTests */ = {
			isa = PBXNativeTarget;
			buildConfigurationList = 11B1ED032A8487AF000E7D2B /* Build configuration list for PBXNativeTarget "autoTradingAppTests" */;
			buildPhases = (
				11B1ECF92A8487AF000E7D2B /* Sources */,
				11B1ECFA2A8487AF000E7D2B /* Frameworks */,
				11B1ECFB2A8487AF000E7D2B /* Resources */,
			);
			buildRules = (
			);
			dependencies = (
				11B1ED022A8487AF000E7D2B /* PBXTargetDependency */,
			);
			name = autoTradingAppTests;
			productName = autoTradingAppTests;
			productReference = 11B1ECFD2A8487AF000E7D2B /* autoTradingAppTests.xctest */;
			productType = "com.apple.product-type.bundle.unit-test";
		};
/* End PBXNativeTarget section */

/* Begin PBXProject section */
		11080A9D2982A97B00B73F5F /* Project object */ = {
			isa = PBXProject;
			attributes = {
				BuildIndependentTargetsInParallel = 1;
				LastSwiftUpdateCheck = 1420;
				LastUpgradeCheck = 1320;
				TargetAttributes = {
					11080AA42982A97B00B73F5F = {
						CreatedOnToolsVersion = 13.2;
					};
					11B1ECFC2A8487AF000E7D2B = {
						CreatedOnToolsVersion = 14.2;
						TestTargetID = 11080AA42982A97B00B73F5F;
					};
				};
			};
			buildConfigurationList = 11080AA02982A97B00B73F5F /* Build configuration list for PBXProject "autoTradingApp" */;
			compatibilityVersion = "Xcode 13.0";
			developmentRegion = en;
			hasScannedForEncodings = 0;
			knownRegions = (
				en,
				Base,
			);
			mainGroup = 11080A9C2982A97B00B73F5F;
			productRefGroup = 11080AA62982A97B00B73F5F /* Products */;
			projectDirPath = "";
			projectRoot = "";
			targets = (
				11080AA42982A97B00B73F5F /* autoTradingApp */,
				11B1ECFC2A8487AF000E7D2B /* autoTradingAppTests */,
			);
		};
/* End PBXProject section */

/* Begin PBXResourcesBuildPhase section */
		11080AA32982A97B00B73F5F /* Resources */ = {
			isa = PBXResourcesBuildPhase;
			buildActionMask = 2147483647;
			files = (
				11080AB52982A97C00B73F5F /* LaunchScreen.storyboard in Resources */,
				115D1E2229C461C400E98541 /* NotoSansKR-Bold.otf in Resources */,
				11E10E8B2A407C12007F3E10 /* NotoSansKR-Medium.otf in Resources */,
				115D1E2329C461C400E98541 /* NotoSansKR-Regular.otf in Resources */,
				11080AB22982A97C00B73F5F /* Assets.xcassets in Resources */,
			);
			runOnlyForDeploymentPostprocessing = 0;
		};
		11B1ECFB2A8487AF000E7D2B /* Resources */ = {
			isa = PBXResourcesBuildPhase;
			buildActionMask = 2147483647;
			files = (
			);
			runOnlyForDeploymentPostprocessing = 0;
		};
/* End PBXResourcesBuildPhase section */

/* Begin PBXShellScriptBuildPhase section */
		3E512587D17D9A491E4D78C3 /* [CP] Embed Pods Frameworks */ = {
			isa = PBXShellScriptBuildPhase;
			buildActionMask = 2147483647;
			files = (
			);
			inputFileListPaths = (
				"${PODS_ROOT}/Target Support Files/Pods-autoTradingApp/Pods-autoTradingApp-frameworks-${CONFIGURATION}-input-files.xcfilelist",
			);
			name = "[CP] Embed Pods Frameworks";
			outputFileListPaths = (
				"${PODS_ROOT}/Target Support Files/Pods-autoTradingApp/Pods-autoTradingApp-frameworks-${CONFIGURATION}-output-files.xcfilelist",
			);
			runOnlyForDeploymentPostprocessing = 0;
			shellPath = /bin/sh;
			shellScript = "\"${PODS_ROOT}/Target Support Files/Pods-autoTradingApp/Pods-autoTradingApp-frameworks.sh\"\n";
			showEnvVarsInLog = 0;
		};
		5912CF53640D4DA5B36123E7 /* [CP] Check Pods Manifest.lock */ = {
			isa = PBXShellScriptBuildPhase;
			buildActionMask = 2147483647;
			files = (
			);
			inputFileListPaths = (
			);
			inputPaths = (
				"${PODS_PODFILE_DIR_PATH}/Podfile.lock",
				"${PODS_ROOT}/Manifest.lock",
			);
			name = "[CP] Check Pods Manifest.lock";
			outputFileListPaths = (
			);
			outputPaths = (
				"$(DERIVED_FILE_DIR)/Pods-autoTradingApp-checkManifestLockResult.txt",
			);
			runOnlyForDeploymentPostprocessing = 0;
			shellPath = /bin/sh;
			shellScript = "diff \"${PODS_PODFILE_DIR_PATH}/Podfile.lock\" \"${PODS_ROOT}/Manifest.lock\" > /dev/null\nif [ $? != 0 ] ; then\n    # print error to STDERR\n    echo \"error: The sandbox is not in sync with the Podfile.lock. Run 'pod install' or update your CocoaPods installation.\" >&2\n    exit 1\nfi\n# This output is used by Xcode 'outputs' to avoid re-running this script phase.\necho \"SUCCESS\" > \"${SCRIPT_OUTPUT_FILE_0}\"\n";
			showEnvVarsInLog = 0;
		};
/* End PBXShellScriptBuildPhase section */

/* Begin PBXSourcesBuildPhase section */
		11080AA12982A97B00B73F5F /* Sources */ = {
			isa = PBXSourcesBuildPhase;
			buildActionMask = 2147483647;
			files = (
				115D1E2F29CD860300E98541 /* NetworkManager.swift in Sources */,
				11E7F95D29A5CA4C00C29B83 /* GuideConstant.swift in Sources */,
				114DD3752982CA81001E3E24 /* LoginViewController.swift in Sources */,
				116416212A5D3002008FA981 /* HeaderCell.swift in Sources */,
				1161804329B86E2400EA1E0D /* StcokListCellCollectionViewCell.swift in Sources */,
				11E10E762A13B23C007F3E10 /* predictedAlgorithm.swift in Sources */,
				11080AAD2982A97B00B73F5F /* InitialViewController.swift in Sources */,
				11E10E7F2A1BA4F8007F3E10 /* TradingViewController.swift in Sources */,
				116416192A555B3C008FA981 /* HeaderView.swift in Sources */,
				115DF51329F2A03C00E9DFE9 /* PredictedRawServerResponse.swift in Sources */,
				115D1E2529C462D700E98541 /* NotoSansFont.swift in Sources */,
				114DD3732982C1B0001E3E24 /* GuideCollectionViewCell.swift in Sources */,
				11080AA92982A97B00B73F5F /* AppDelegate.swift in Sources */,
				115D1E1A29B9A89100E98541 /* MainHomeTabController.swift in Sources */,
				11E10E852A27739A007F3E10 /* AdditionalTradingCellView.swift in Sources */,
				115DF50F29EE801F00E9DFE9 /* JSONParser.swift in Sources */,
				11E10E892A3747E7007F3E10 /* NSMutableAttributedString.swift in Sources */,
				11E7F97429B4C59200C29B83 /* SignUpTOSView.swift in Sources */,
				11E7F97029B4C43E00C29B83 /* SignUpIsUserView.swift in Sources */,
				11E10E7D2A1BA4E6007F3E10 /* SearchViewController.swift in Sources */,
				115D1E1E29BDEDA200E98541 /* TradingSegmentedControl.swift in Sources */,
				11E7F96E29B4C41E00C29B83 /* SignUpIsUserViewController.swift in Sources */,
				11E10E812A1BA50D007F3E10 /* MyPageViewController.swift in Sources */,
				11CCC42C2A442AA300D67B47 /* DropDownView.swift in Sources */,
				1161804029B8667400EA1E0D /* Stock.swift in Sources */,
				11E7F96029A8D23D00C29B83 /* SignUpGuideView.swift in Sources */,
				11B064DE2A6563120016AB68 /* CellDataModel.swift in Sources */,
				11E7F96B29B4AD7C00C29B83 /* SignUpGuideViewController.swift in Sources */,
				1164161B2A555BDD008FA981 /* TradingTransaction.swift in Sources */,
				112E4B2429B5F073009A3F8F /* ChartView2.swift in Sources */,
				11E10E742A13A639007F3E10 /* StockTradingViewTableCell.swift in Sources */,
				11080AC02982B6C200B73F5F /* LoginView.swift in Sources */,
				11B064E42A67D3320016AB68 /* CustomStepper.swift in Sources */,
				11B064E62A67D4370016AB68 /* TransactionView.swift in Sources */,
				116416162A52ECF7008FA981 /* StrategyTableView.swift in Sources */,
				115D1E2A29C6FC6300E98541 /* StockTradingViewController.swift in Sources */,
				115802F72A45C0AA00BA3591 /* UIImage+.swift in Sources */,
				115D1E2729C46A0D00E98541 /* UIColor+.swift in Sources */,
				11080AAB2982A97B00B73F5F /* SceneDelegate.swift in Sources */,
				11B1ECF62A7E7CD2000E7D2B /* mainTabSegmentedControl.swift in Sources */,
				115D1E1C29B9BAB300E98541 /* OverViewChartView.swift in Sources */,
				11E7F96229A8D6F700C29B83 /* CustomTextField.swift in Sources */,
				11B064E02A67B9B70016AB68 /* TradableViewController.swift in Sources */,
				1164161F2A597C3F008FA981 /* TradingCell.swift in Sources */,
				11E10E832A1F407B007F3E10 /* StockInfoView.swift in Sources */,
				11E7F97229B4C57E00C29B83 /* SignUpTOSViewController.swift in Sources */,
				116416142A519DD4008FA981 /* SearchViewCustomCell.swift in Sources */,
				11B1ED072A8489D7000E7D2B /* AccessToken.swift in Sources */,
				99086D522A0A329200FAA427 /* temp.swift in Sources */,
				11E7F96529B3547500C29B83 /* MainTabBarControllerViewController.swift in Sources */,
				11E7F96829B3578600C29B83 /* ChartViewController.swift in Sources */,
				115DF50D29E56A1B00E9DFE9 /* DetailViewController.swift in Sources */,
				115DF51129EE805B00E9DFE9 /* RequestType.swift in Sources */,
				11B064DC2A5FBD9C0016AB68 /* ExpandableTableViewCell.swift in Sources */,
			);
			runOnlyForDeploymentPostprocessing = 0;
		};
		11B1ECF92A8487AF000E7D2B /* Sources */ = {
			isa = PBXSourcesBuildPhase;
			buildActionMask = 2147483647;
			files = (
				11B1ED002A8487AF000E7D2B /* autoTradingAppTests.swift in Sources */,
			);
			runOnlyForDeploymentPostprocessing = 0;
		};
/* End PBXSourcesBuildPhase section */

/* Begin PBXTargetDependency section */
		11B1ED022A8487AF000E7D2B /* PBXTargetDependency */ = {
			isa = PBXTargetDependency;
			target = 11080AA42982A97B00B73F5F /* autoTradingApp */;
			targetProxy = 11B1ED012A8487AF000E7D2B /* PBXContainerItemProxy */;
		};
/* End PBXTargetDependency section */

/* Begin PBXVariantGroup section */
		11080AB32982A97C00B73F5F /* LaunchScreen.storyboard */ = {
			isa = PBXVariantGroup;
			children = (
				11080AB42982A97C00B73F5F /* Base */,
			);
			name = LaunchScreen.storyboard;
			sourceTree = "<group>";
		};
/* End PBXVariantGroup section */

/* Begin XCBuildConfiguration section */
		11080AB72982A97C00B73F5F /* Debug */ = {
			isa = XCBuildConfiguration;
			buildSettings = {
				ALWAYS_SEARCH_USER_PATHS = NO;
				CLANG_ANALYZER_NONNULL = YES;
				CLANG_ANALYZER_NUMBER_OBJECT_CONVERSION = YES_AGGRESSIVE;
				CLANG_CXX_LANGUAGE_STANDARD = "gnu++17";
				CLANG_CXX_LIBRARY = "libc++";
				CLANG_ENABLE_MODULES = YES;
				CLANG_ENABLE_OBJC_ARC = YES;
				CLANG_ENABLE_OBJC_WEAK = YES;
				CLANG_WARN_BLOCK_CAPTURE_AUTORELEASING = YES;
				CLANG_WARN_BOOL_CONVERSION = YES;
				CLANG_WARN_COMMA = YES;
				CLANG_WARN_CONSTANT_CONVERSION = YES;
				CLANG_WARN_DEPRECATED_OBJC_IMPLEMENTATIONS = YES;
				CLANG_WARN_DIRECT_OBJC_ISA_USAGE = YES_ERROR;
				CLANG_WARN_DOCUMENTATION_COMMENTS = YES;
				CLANG_WARN_EMPTY_BODY = YES;
				CLANG_WARN_ENUM_CONVERSION = YES;
				CLANG_WARN_INFINITE_RECURSION = YES;
				CLANG_WARN_INT_CONVERSION = YES;
				CLANG_WARN_NON_LITERAL_NULL_CONVERSION = YES;
				CLANG_WARN_OBJC_IMPLICIT_RETAIN_SELF = YES;
				CLANG_WARN_OBJC_LITERAL_CONVERSION = YES;
				CLANG_WARN_OBJC_ROOT_CLASS = YES_ERROR;
				CLANG_WARN_QUOTED_INCLUDE_IN_FRAMEWORK_HEADER = YES;
				CLANG_WARN_RANGE_LOOP_ANALYSIS = YES;
				CLANG_WARN_STRICT_PROTOTYPES = YES;
				CLANG_WARN_SUSPICIOUS_MOVE = YES;
				CLANG_WARN_UNGUARDED_AVAILABILITY = YES_AGGRESSIVE;
				CLANG_WARN_UNREACHABLE_CODE = YES;
				CLANG_WARN__DUPLICATE_METHOD_MATCH = YES;
				COPY_PHASE_STRIP = NO;
				DEBUG_INFORMATION_FORMAT = dwarf;
				ENABLE_STRICT_OBJC_MSGSEND = YES;
				ENABLE_TESTABILITY = YES;
				GCC_C_LANGUAGE_STANDARD = gnu11;
				GCC_DYNAMIC_NO_PIC = NO;
				GCC_NO_COMMON_BLOCKS = YES;
				GCC_OPTIMIZATION_LEVEL = 0;
				GCC_PREPROCESSOR_DEFINITIONS = (
					"DEBUG=1",
					"$(inherited)",
				);
				GCC_WARN_64_TO_32_BIT_CONVERSION = YES;
				GCC_WARN_ABOUT_RETURN_TYPE = YES_ERROR;
				GCC_WARN_UNDECLARED_SELECTOR = YES;
				GCC_WARN_UNINITIALIZED_AUTOS = YES_AGGRESSIVE;
				GCC_WARN_UNUSED_FUNCTION = YES;
				GCC_WARN_UNUSED_VARIABLE = YES;
				IPHONEOS_DEPLOYMENT_TARGET = 16.0;
				MTL_ENABLE_DEBUG_INFO = INCLUDE_SOURCE;
				MTL_FAST_MATH = YES;
				ONLY_ACTIVE_ARCH = YES;
				SDKROOT = iphoneos;
				SWIFT_ACTIVE_COMPILATION_CONDITIONS = DEBUG;
				SWIFT_OPTIMIZATION_LEVEL = "-Onone";
			};
			name = Debug;
		};
		11080AB82982A97C00B73F5F /* Release */ = {
			isa = XCBuildConfiguration;
			buildSettings = {
				ALWAYS_SEARCH_USER_PATHS = NO;
				CLANG_ANALYZER_NONNULL = YES;
				CLANG_ANALYZER_NUMBER_OBJECT_CONVERSION = YES_AGGRESSIVE;
				CLANG_CXX_LANGUAGE_STANDARD = "gnu++17";
				CLANG_CXX_LIBRARY = "libc++";
				CLANG_ENABLE_MODULES = YES;
				CLANG_ENABLE_OBJC_ARC = YES;
				CLANG_ENABLE_OBJC_WEAK = YES;
				CLANG_WARN_BLOCK_CAPTURE_AUTORELEASING = YES;
				CLANG_WARN_BOOL_CONVERSION = YES;
				CLANG_WARN_COMMA = YES;
				CLANG_WARN_CONSTANT_CONVERSION = YES;
				CLANG_WARN_DEPRECATED_OBJC_IMPLEMENTATIONS = YES;
				CLANG_WARN_DIRECT_OBJC_ISA_USAGE = YES_ERROR;
				CLANG_WARN_DOCUMENTATION_COMMENTS = YES;
				CLANG_WARN_EMPTY_BODY = YES;
				CLANG_WARN_ENUM_CONVERSION = YES;
				CLANG_WARN_INFINITE_RECURSION = YES;
				CLANG_WARN_INT_CONVERSION = YES;
				CLANG_WARN_NON_LITERAL_NULL_CONVERSION = YES;
				CLANG_WARN_OBJC_IMPLICIT_RETAIN_SELF = YES;
				CLANG_WARN_OBJC_LITERAL_CONVERSION = YES;
				CLANG_WARN_OBJC_ROOT_CLASS = YES_ERROR;
				CLANG_WARN_QUOTED_INCLUDE_IN_FRAMEWORK_HEADER = YES;
				CLANG_WARN_RANGE_LOOP_ANALYSIS = YES;
				CLANG_WARN_STRICT_PROTOTYPES = YES;
				CLANG_WARN_SUSPICIOUS_MOVE = YES;
				CLANG_WARN_UNGUARDED_AVAILABILITY = YES_AGGRESSIVE;
				CLANG_WARN_UNREACHABLE_CODE = YES;
				CLANG_WARN__DUPLICATE_METHOD_MATCH = YES;
				COPY_PHASE_STRIP = NO;
				DEBUG_INFORMATION_FORMAT = "dwarf-with-dsym";
				ENABLE_NS_ASSERTIONS = NO;
				ENABLE_STRICT_OBJC_MSGSEND = YES;
				GCC_C_LANGUAGE_STANDARD = gnu11;
				GCC_NO_COMMON_BLOCKS = YES;
				GCC_WARN_64_TO_32_BIT_CONVERSION = YES;
				GCC_WARN_ABOUT_RETURN_TYPE = YES_ERROR;
				GCC_WARN_UNDECLARED_SELECTOR = YES;
				GCC_WARN_UNINITIALIZED_AUTOS = YES_AGGRESSIVE;
				GCC_WARN_UNUSED_FUNCTION = YES;
				GCC_WARN_UNUSED_VARIABLE = YES;
				IPHONEOS_DEPLOYMENT_TARGET = 16.0;
				MTL_ENABLE_DEBUG_INFO = NO;
				MTL_FAST_MATH = YES;
				SDKROOT = iphoneos;
				SWIFT_COMPILATION_MODE = wholemodule;
				SWIFT_OPTIMIZATION_LEVEL = "-O";
				VALIDATE_PRODUCT = YES;
			};
			name = Release;
		};
		11080ABA2982A97C00B73F5F /* Debug */ = {
			isa = XCBuildConfiguration;
			baseConfigurationReference = 0620A098C3A1A54533A5F886 /* Pods-autoTradingApp.debug.xcconfig */;
			buildSettings = {
				ASSETCATALOG_COMPILER_APPICON_NAME = AppIcon;
				ASSETCATALOG_COMPILER_GLOBAL_ACCENT_COLOR_NAME = AccentColor;
				CODE_SIGN_STYLE = Automatic;
				CURRENT_PROJECT_VERSION = 1;
				DEVELOPMENT_TEAM = P7MU3HV48P;
				FRAMEWORK_SEARCH_PATHS = (
					"$(inherited)",
					"$(PROJECT_DIR)",
				);
				GENERATE_INFOPLIST_FILE = YES;
				INFOPLIST_FILE = autoTradingApp/Info.plist;
				INFOPLIST_KEY_UIApplicationSupportsIndirectInputEvents = YES;
				INFOPLIST_KEY_UILaunchStoryboardName = LaunchScreen;
				INFOPLIST_KEY_UISupportedInterfaceOrientations_iPad = "UIInterfaceOrientationPortrait UIInterfaceOrientationPortraitUpsideDown UIInterfaceOrientationLandscapeLeft UIInterfaceOrientationLandscapeRight";
				INFOPLIST_KEY_UISupportedInterfaceOrientations_iPhone = "UIInterfaceOrientationPortrait UIInterfaceOrientationLandscapeLeft UIInterfaceOrientationLandscapeRight";
				IPHONEOS_DEPLOYMENT_TARGET = 16.0;
				LD_RUNPATH_SEARCH_PATHS = (
					"$(inherited)",
					"@executable_path/Frameworks",
				);
				MARKETING_VERSION = 1.0;
				PRODUCT_BUNDLE_IDENTIFIER = com.hashswim.autoTradingApp2;
				PRODUCT_NAME = "$(TARGET_NAME)";
				SWIFT_EMIT_LOC_STRINGS = YES;
				SWIFT_VERSION = 5.0;
				TARGETED_DEVICE_FAMILY = 1;
			};
			name = Debug;
		};
		11080ABB2982A97C00B73F5F /* Release */ = {
			isa = XCBuildConfiguration;
			baseConfigurationReference = 86105BF2B75E204C034E6600 /* Pods-autoTradingApp.release.xcconfig */;
			buildSettings = {
				ASSETCATALOG_COMPILER_APPICON_NAME = AppIcon;
				ASSETCATALOG_COMPILER_GLOBAL_ACCENT_COLOR_NAME = AccentColor;
				CODE_SIGN_STYLE = Automatic;
				CURRENT_PROJECT_VERSION = 1;
				DEVELOPMENT_TEAM = P7MU3HV48P;
				FRAMEWORK_SEARCH_PATHS = (
					"$(inherited)",
					"$(PROJECT_DIR)",
				);
				GENERATE_INFOPLIST_FILE = YES;
				INFOPLIST_FILE = autoTradingApp/Info.plist;
				INFOPLIST_KEY_UIApplicationSupportsIndirectInputEvents = YES;
				INFOPLIST_KEY_UILaunchStoryboardName = LaunchScreen;
				INFOPLIST_KEY_UISupportedInterfaceOrientations_iPad = "UIInterfaceOrientationPortrait UIInterfaceOrientationPortraitUpsideDown UIInterfaceOrientationLandscapeLeft UIInterfaceOrientationLandscapeRight";
				INFOPLIST_KEY_UISupportedInterfaceOrientations_iPhone = "UIInterfaceOrientationPortrait UIInterfaceOrientationLandscapeLeft UIInterfaceOrientationLandscapeRight";
				IPHONEOS_DEPLOYMENT_TARGET = 16.0;
				LD_RUNPATH_SEARCH_PATHS = (
					"$(inherited)",
					"@executable_path/Frameworks",
				);
				MARKETING_VERSION = 1.0;
				PRODUCT_BUNDLE_IDENTIFIER = com.hashswim.autoTradingApp2;
				PRODUCT_NAME = "$(TARGET_NAME)";
				SWIFT_EMIT_LOC_STRINGS = YES;
				SWIFT_VERSION = 5.0;
				TARGETED_DEVICE_FAMILY = 1;
			};
			name = Release;
		};
		11B1ED042A8487AF000E7D2B /* Debug */ = {
			isa = XCBuildConfiguration;
			buildSettings = {
				BUNDLE_LOADER = "$(TEST_HOST)";
				CLANG_CXX_LANGUAGE_STANDARD = "gnu++20";
				CODE_SIGN_STYLE = Automatic;
				CURRENT_PROJECT_VERSION = 1;
				GENERATE_INFOPLIST_FILE = YES;
				IPHONEOS_DEPLOYMENT_TARGET = 16.2;
				MACOSX_DEPLOYMENT_TARGET = 12.5;
				MARKETING_VERSION = 1.0;
				PRODUCT_BUNDLE_IDENTIFIER = com.hashswim.autoTradingAppTests;
				PRODUCT_NAME = "$(TARGET_NAME)";
				SDKROOT = auto;
				SUPPORTED_PLATFORMS = "iphoneos iphonesimulator macosx";
				SWIFT_EMIT_LOC_STRINGS = NO;
				SWIFT_VERSION = 5.0;
				TARGETED_DEVICE_FAMILY = "1,2";
				TEST_HOST = "$(BUILT_PRODUCTS_DIR)/autoTradingApp.app/$(BUNDLE_EXECUTABLE_FOLDER_PATH)/autoTradingApp";
			};
			name = Debug;
		};
		11B1ED052A8487AF000E7D2B /* Release */ = {
			isa = XCBuildConfiguration;
			buildSettings = {
				BUNDLE_LOADER = "$(TEST_HOST)";
				CLANG_CXX_LANGUAGE_STANDARD = "gnu++20";
				CODE_SIGN_STYLE = Automatic;
				CURRENT_PROJECT_VERSION = 1;
				GENERATE_INFOPLIST_FILE = YES;
				IPHONEOS_DEPLOYMENT_TARGET = 16.2;
				MACOSX_DEPLOYMENT_TARGET = 12.5;
				MARKETING_VERSION = 1.0;
				PRODUCT_BUNDLE_IDENTIFIER = com.hashswim.autoTradingAppTests;
				PRODUCT_NAME = "$(TARGET_NAME)";
				SDKROOT = auto;
				SUPPORTED_PLATFORMS = "iphoneos iphonesimulator macosx";
				SWIFT_EMIT_LOC_STRINGS = NO;
				SWIFT_VERSION = 5.0;
				TARGETED_DEVICE_FAMILY = "1,2";
				TEST_HOST = "$(BUILT_PRODUCTS_DIR)/autoTradingApp.app/$(BUNDLE_EXECUTABLE_FOLDER_PATH)/autoTradingApp";
			};
			name = Release;
		};
/* End XCBuildConfiguration section */

/* Begin XCConfigurationList section */
		11080AA02982A97B00B73F5F /* Build configuration list for PBXProject "autoTradingApp" */ = {
			isa = XCConfigurationList;
			buildConfigurations = (
				11080AB72982A97C00B73F5F /* Debug */,
				11080AB82982A97C00B73F5F /* Release */,
			);
			defaultConfigurationIsVisible = 0;
			defaultConfigurationName = Release;
		};
		11080AB92982A97C00B73F5F /* Build configuration list for PBXNativeTarget "autoTradingApp" */ = {
			isa = XCConfigurationList;
			buildConfigurations = (
				11080ABA2982A97C00B73F5F /* Debug */,
				11080ABB2982A97C00B73F5F /* Release */,
			);
			defaultConfigurationIsVisible = 0;
			defaultConfigurationName = Release;
		};
		11B1ED032A8487AF000E7D2B /* Build configuration list for PBXNativeTarget "autoTradingAppTests" */ = {
			isa = XCConfigurationList;
			buildConfigurations = (
				11B1ED042A8487AF000E7D2B /* Debug */,
				11B1ED052A8487AF000E7D2B /* Release */,
			);
			defaultConfigurationIsVisible = 0;
			defaultConfigurationName = Release;
		};
/* End XCConfigurationList section */
	};
	rootObject = 11080A9D2982A97B00B73F5F /* Project object */;
}
